{
  "version": 4,
  "terraform_version": "1.14.0",
  "serial": 56,
  "lineage": "de2c9162-46a2-dd34-8b26-35b44fc9913e",
  "outputs": {
    "archive_bucket_name": {
      "value": "live-streaming-dev-archive-140023399909",
      "type": "string"
    },
    "automation_lambda_arn": {
      "value": "arn:aws:lambda:ap-northeast-2:140023399909:function:live-streaming-dev-channel-control",
      "type": "string"
    },
    "automation_lambda_function_name": {
      "value": "live-streaming-dev-channel-control",
      "type": "string"
    },
    "check_status_command": {
      "value": "aws medialive describe-channel --channel-id 5533904 --query 'State'",
      "type": "string"
    },
    "deployment_summary": {
      "value": "  \n╔═══════════════════════════════════════════════════════════╗\n║        AWS 라이브 스트리밍 배포 완료! ✅                    ║\n╚═══════════════════════════════════════════════════════════╝\n  \n📦 생성된 리소스:\n─────────────────────────────────────────────────────────────\n✅ S3 Buckets (HLS, Archive)\n✅ MediaLive Channel (RTMP Input)\n✅ Lambda Function (자동화)\n✅ IAM Roles \u0026 Security Groups\n  \n🎬 스트리밍 시작하기:\n─────────────────────────────────────────────────────────────\n  \n1️⃣  MediaLive 채널 시작:\n    aws lambda invoke \\\\\n      --function-name live-streaming-dev-channel-control \\\\\n      --payload '{\"action\": \"start\"}' response.json\n      \n    (30초 대기...)\n  \n2️⃣  Larix Broadcaster 설정:\n    먼저 RTMP IP 확인:\n    terraform output medialive_rtmp_destinations\n      \n    Larix 설정:\n    RTMP URL: rtmp://[위_IP]:1935/stream-key-1\n    Stream Key: stream-key-1\n  \n3️⃣  재생 확인:\n    S3 Direct: https://live-streaming-dev-hls-140023399909.s3.ap-northeast-2.amazonaws.com/live/index.m3u8\n      \n    VLC로 재생:\n    vlc \"https://live-streaming-dev-hls-140023399909.s3.ap-northeast-2.amazonaws.com/live/index.m3u8\"\n  \n4️⃣  스트리밍 중지:\n    aws lambda invoke \\\\\n      --function-name live-streaming-dev-channel-control \\\\\n      --payload '{\"action\": \"stop\"}' response.json\n  \n💰 비용:\n─────────────────────────────────────────────────────────────\n현재 (채널 중지): ~$0/월\n480p 스트리밍 (1시간): ~$0.70\n  \n📚 다음 단계:\n─────────────────────────────────────────────────────────────\n- CloudFront CDN 추가 (선택사항)\n- 모니터링 Dashboard 추가 (선택사항)\n- 웹 플레이어 제작\n  \n🎉 성공!\n  \n",
      "type": "string"
    },
    "hls_bucket_name": {
      "value": "live-streaming-dev-hls-140023399909",
      "type": "string"
    },
    "hls_cloudfront_url": {
      "value": "https://d364unl9no4vkv.cloudfront.net/live.m3u8",
      "type": "string"
    },
    "hls_s3_url": {
      "value": "https://live-streaming-dev-hls-140023399909.s3.ap-northeast-2.amazonaws.com/live/index.m3u8",
      "type": "string"
    },
    "medialive_channel_id": {
      "value": "5533904",
      "type": "string"
    },
    "medialive_channel_state": {
      "value": "배포 직후: IDLE (시작 필요)",
      "type": "string"
    },
    "medialive_rtmp_destinations": {
      "value": [
        {
          "stream_name": "stream-key-1"
        }
      ],
      "type": [
        "set",
        [
          "object",
          {
            "stream_name": "string"
          }
        ]
      ]
    },
    "medialive_rtmp_url": {
      "value": "rtmp://[IP_FROM_DESTINATIONS]:1935/stream-key-1",
      "type": "string"
    },
    "player_cloudfront_url": {
      "value": "https://d32fl7j35buvp7.cloudfront.net",
      "type": "string"
    },
    "player_s3_url": {
      "value": "http://live-streaming-dev-player-140023399909.s3-website.ap-northeast-2.amazonaws.com",
      "type": "string"
    },
    "start_channel_command": {
      "value": "aws lambda invoke --function-name live-streaming-dev-channel-control --payload '{\"action\": \"start\"}' response.json",
      "type": "string"
    },
    "stop_channel_command": {
      "value": "aws lambda invoke --function-name live-streaming-dev-channel-control --payload '{\"action\": \"stop\"}' response.json",
      "type": "string"
    }
  },
  "resources": [
    {
      "mode": "data",
      "type": "aws_caller_identity",
      "name": "current",
      "provider": "provider[\"registry.terraform.io/hashicorp/aws\"]",
      "instances": [
        {
          "schema_version": 0,
          "attributes": {
            "account_id": "140023399909",
            "arn": "arn:aws:iam::140023399909:user/admin",
            "id": "140023399909",
            "user_id": "AIDASBGQLQXSYQVNB5CSC"
          },
          "sensitive_attributes": [],
          "identity_schema_version": 0
        }
      ]
    },
    {
      "mode": "managed",
      "type": "aws_cloudfront_distribution",
      "name": "hls",
      "provider": "provider[\"registry.terraform.io/hashicorp/aws\"]",
      "instances": [
        {
          "schema_version": 1,
          "attributes": {
            "aliases": [],
            "arn": "arn:aws:cloudfront::140023399909:distribution/E1AQ15QHS2OG4U",
            "caller_reference": "terraform-20251122144221828900000001",
            "comment": "live-streaming dev HLS Distribution",
            "continuous_deployment_policy_id": "",
            "custom_error_response": [],
            "default_cache_behavior": [
              {
                "allowed_methods": [
                  "GET",
                  "HEAD",
                  "OPTIONS"
                ],
                "cache_policy_id": "",
                "cached_methods": [
                  "GET",
                  "HEAD"
                ],
                "compress": true,
                "default_ttl": 5,
                "field_level_encryption_id": "",
                "forwarded_values": [
                  {
                    "cookies": [
                      {
                        "forward": "none",
                        "whitelisted_names": []
                      }
                    ],
                    "headers": [
                      "Access-Control-Request-Headers",
                      "Access-Control-Request-Method",
                      "Origin"
                    ],
                    "query_string": false,
                    "query_string_cache_keys": []
                  }
                ],
                "function_association": [],
                "grpc_config": [
                  {
                    "enabled": false
                  }
                ],
                "lambda_function_association": [],
                "max_ttl": 10,
                "min_ttl": 0,
                "origin_request_policy_id": "",
                "realtime_log_config_arn": "",
                "response_headers_policy_id": "",
                "smooth_streaming": false,
                "target_origin_id": "hls-s3-origin",
                "trusted_key_groups": [],
                "trusted_signers": [],
                "viewer_protocol_policy": "redirect-to-https"
              }
            ],
            "default_root_object": "",
            "domain_name": "d364unl9no4vkv.cloudfront.net",
            "enabled": true,
            "etag": "E1ZU74BJAVKBA6",
            "hosted_zone_id": "Z2FDTNDATAQYW2",
            "http_version": "http2and3",
            "id": "E1AQ15QHS2OG4U",
            "in_progress_validation_batches": 0,
            "is_ipv6_enabled": true,
            "last_modified_time": "2025-11-22 14:42:22.489 +0000 UTC",
            "logging_config": [],
            "ordered_cache_behavior": [],
            "origin": [
              {
                "connection_attempts": 3,
                "connection_timeout": 10,
                "custom_header": [],
                "custom_origin_config": [],
                "domain_name": "live-streaming-dev-hls-140023399909.s3.ap-northeast-2.amazonaws.com",
                "origin_access_control_id": "EJNNRPHQTV2LB",
                "origin_id": "hls-s3-origin",
                "origin_path": "",
                "origin_shield": [],
                "s3_origin_config": [],
                "vpc_origin_config": []
              }
            ],
            "origin_group": [],
            "price_class": "PriceClass_200",
            "restrictions": [
              {
                "geo_restriction": [
                  {
                    "locations": [],
                    "restriction_type": "none"
                  }
                ]
              }
            ],
            "retain_on_delete": false,
            "staging": false,
            "status": "Deployed",
            "tags": {
              "Environment": "Development",
              "ManagedBy": "Terraform",
              "Owner": "GJJANG",
              "Project": "LiveStreaming",
              "Purpose": "Portfolio"
            },
            "tags_all": {
              "Environment": "Development",
              "ManagedBy": "Terraform",
              "Owner": "GJJANG",
              "Project": "LiveStreaming",
              "Purpose": "Portfolio"
            },
            "trusted_key_groups": [
              {
                "enabled": false,
                "items": []
              }
            ],
            "trusted_signers": [
              {
                "enabled": false,
                "items": []
              }
            ],
            "viewer_certificate": [
              {
                "acm_certificate_arn": "",
                "cloudfront_default_certificate": true,
                "iam_certificate_id": "",
                "minimum_protocol_version": "TLSv1",
                "ssl_support_method": ""
              }
            ],
            "wait_for_deployment": true,
            "web_acl_id": ""
          },
          "sensitive_attributes": [],
          "identity_schema_version": 0,
          "private": "eyJzY2hlbWFfdmVyc2lvbiI6IjEifQ==",
          "dependencies": [
            "aws_cloudfront_origin_access_control.hls",
            "module.storage.aws_s3_bucket.hls",
            "module.storage.data.aws_caller_identity.current"
          ]
        }
      ]
    },
    {
      "mode": "managed",
      "type": "aws_cloudfront_distribution",
      "name": "player",
      "provider": "provider[\"registry.terraform.io/hashicorp/aws\"]",
      "instances": [
        {
          "schema_version": 1,
          "attributes": {
            "aliases": [],
            "arn": "arn:aws:cloudfront::140023399909:distribution/E2J9QXRZTKSUHN",
            "caller_reference": "terraform-20251122144222146700000002",
            "comment": "live-streaming dev Player Distribution",
            "continuous_deployment_policy_id": "",
            "custom_error_response": [],
            "default_cache_behavior": [
              {
                "allowed_methods": [
                  "GET",
                  "HEAD",
                  "OPTIONS"
                ],
                "cache_policy_id": "",
                "cached_methods": [
                  "GET",
                  "HEAD"
                ],
                "compress": true,
                "default_ttl": 3600,
                "field_level_encryption_id": "",
                "forwarded_values": [
                  {
                    "cookies": [
                      {
                        "forward": "none",
                        "whitelisted_names": []
                      }
                    ],
                    "headers": [],
                    "query_string": false,
                    "query_string_cache_keys": []
                  }
                ],
                "function_association": [],
                "grpc_config": [
                  {
                    "enabled": false
                  }
                ],
                "lambda_function_association": [],
                "max_ttl": 86400,
                "min_ttl": 0,
                "origin_request_policy_id": "",
                "realtime_log_config_arn": "",
                "response_headers_policy_id": "",
                "smooth_streaming": false,
                "target_origin_id": "player-s3-origin",
                "trusted_key_groups": [],
                "trusted_signers": [],
                "viewer_protocol_policy": "redirect-to-https"
              }
            ],
            "default_root_object": "index.html",
            "domain_name": "d32fl7j35buvp7.cloudfront.net",
            "enabled": true,
            "etag": "E3FO5QFUXCFMAA",
            "hosted_zone_id": "Z2FDTNDATAQYW2",
            "http_version": "http2and3",
            "id": "E2J9QXRZTKSUHN",
            "in_progress_validation_batches": 0,
            "is_ipv6_enabled": true,
            "last_modified_time": "2025-11-22 14:42:22.796 +0000 UTC",
            "logging_config": [],
            "ordered_cache_behavior": [],
            "origin": [
              {
                "connection_attempts": 3,
                "connection_timeout": 10,
                "custom_header": [],
                "custom_origin_config": [],
                "domain_name": "live-streaming-dev-player-140023399909.s3.ap-northeast-2.amazonaws.com",
                "origin_access_control_id": "E1MV65T3NV6RBW",
                "origin_id": "player-s3-origin",
                "origin_path": "",
                "origin_shield": [],
                "s3_origin_config": [],
                "vpc_origin_config": []
              }
            ],
            "origin_group": [],
            "price_class": "PriceClass_200",
            "restrictions": [
              {
                "geo_restriction": [
                  {
                    "locations": [],
                    "restriction_type": "none"
                  }
                ]
              }
            ],
            "retain_on_delete": false,
            "staging": false,
            "status": "Deployed",
            "tags": {
              "Environment": "Development",
              "ManagedBy": "Terraform",
              "Owner": "GJJANG",
              "Project": "LiveStreaming",
              "Purpose": "Portfolio"
            },
            "tags_all": {
              "Environment": "Development",
              "ManagedBy": "Terraform",
              "Owner": "GJJANG",
              "Project": "LiveStreaming",
              "Purpose": "Portfolio"
            },
            "trusted_key_groups": [
              {
                "enabled": false,
                "items": []
              }
            ],
            "trusted_signers": [
              {
                "enabled": false,
                "items": []
              }
            ],
            "viewer_certificate": [
              {
                "acm_certificate_arn": "",
                "cloudfront_default_certificate": true,
                "iam_certificate_id": "",
                "minimum_protocol_version": "TLSv1",
                "ssl_support_method": ""
              }
            ],
            "wait_for_deployment": true,
            "web_acl_id": ""
          },
          "sensitive_attributes": [],
          "identity_schema_version": 0,
          "private": "eyJzY2hlbWFfdmVyc2lvbiI6IjEifQ==",
          "dependencies": [
            "aws_cloudfront_origin_access_control.player",
            "module.storage.aws_s3_bucket.player",
            "module.storage.data.aws_caller_identity.current"
          ]
        }
      ]
    },
    {
      "mode": "managed",
      "type": "aws_cloudfront_origin_access_control",
      "name": "hls",
      "provider": "provider[\"registry.terraform.io/hashicorp/aws\"]",
      "instances": [
        {
          "schema_version": 0,
          "attributes": {
            "arn": "arn:aws:cloudfront::140023399909:origin-access-control/EJNNRPHQTV2LB",
            "description": "OAC for HLS S3 bucket",
            "etag": "ETVPDKIKX0DER",
            "id": "EJNNRPHQTV2LB",
            "name": "live-streaming-dev-hls-oac",
            "origin_access_control_origin_type": "s3",
            "signing_behavior": "always",
            "signing_protocol": "sigv4"
          },
          "sensitive_attributes": [],
          "identity_schema_version": 0,
          "private": "bnVsbA=="
        }
      ]
    },
    {
      "mode": "managed",
      "type": "aws_cloudfront_origin_access_control",
      "name": "player",
      "provider": "provider[\"registry.terraform.io/hashicorp/aws\"]",
      "instances": [
        {
          "schema_version": 0,
          "attributes": {
            "arn": "arn:aws:cloudfront::140023399909:origin-access-control/E1MV65T3NV6RBW",
            "description": "OAC for Player S3 bucket",
            "etag": "ETVPDKIKX0DER",
            "id": "E1MV65T3NV6RBW",
            "name": "live-streaming-dev-player-oac",
            "origin_access_control_origin_type": "s3",
            "signing_behavior": "always",
            "signing_protocol": "sigv4"
          },
          "sensitive_attributes": [],
          "identity_schema_version": 0,
          "private": "bnVsbA=="
        }
      ]
    },
    {
      "mode": "managed",
      "type": "aws_s3_bucket_policy",
      "name": "hls_cloudfront",
      "provider": "provider[\"registry.terraform.io/hashicorp/aws\"]",
      "instances": [
        {
          "schema_version": 0,
          "attributes": {
            "bucket": "live-streaming-dev-hls-140023399909",
            "id": "live-streaming-dev-hls-140023399909",
            "policy": "{\"Statement\":[{\"Action\":\"s3:GetObject\",\"Condition\":{\"StringEquals\":{\"AWS:SourceArn\":\"arn:aws:cloudfront::140023399909:distribution/E1AQ15QHS2OG4U\"}},\"Effect\":\"Allow\",\"Principal\":{\"Service\":\"cloudfront.amazonaws.com\"},\"Resource\":\"arn:aws:s3:::live-streaming-dev-hls-140023399909/*\",\"Sid\":\"AllowCloudFrontServicePrincipal\"},{\"Action\":\"s3:GetObject\",\"Effect\":\"Allow\",\"Principal\":\"*\",\"Resource\":\"arn:aws:s3:::live-streaming-dev-hls-140023399909/*\",\"Sid\":\"PublicReadGetObject\"}],\"Version\":\"2012-10-17\"}"
          },
          "sensitive_attributes": [],
          "identity_schema_version": 0,
          "private": "bnVsbA==",
          "dependencies": [
            "aws_cloudfront_distribution.hls",
            "aws_cloudfront_origin_access_control.hls",
            "module.storage.aws_s3_bucket.archive",
            "module.storage.aws_s3_bucket.hls",
            "module.storage.aws_s3_bucket.player",
            "module.storage.aws_s3_bucket_cors_configuration.archive",
            "module.storage.aws_s3_bucket_cors_configuration.hls",
            "module.storage.aws_s3_bucket_lifecycle_configuration.archive",
            "module.storage.aws_s3_bucket_lifecycle_configuration.hls",
            "module.storage.aws_s3_bucket_policy.player",
            "module.storage.aws_s3_bucket_public_access_block.archive",
            "module.storage.aws_s3_bucket_public_access_block.player",
            "module.storage.aws_s3_bucket_server_side_encryption_configuration.archive",
            "module.storage.aws_s3_bucket_server_side_encryption_configuration.hls",
            "module.storage.aws_s3_bucket_versioning.archive",
            "module.storage.aws_s3_bucket_versioning.hls",
            "module.storage.aws_s3_bucket_website_configuration.player",
            "module.storage.aws_s3_object.player_html",
            "module.storage.data.aws_caller_identity.current"
          ]
        }
      ]
    },
    {
      "mode": "managed",
      "type": "aws_s3_bucket_policy",
      "name": "player_cloudfront",
      "provider": "provider[\"registry.terraform.io/hashicorp/aws\"]",
      "instances": [
        {
          "schema_version": 0,
          "attributes": {
            "bucket": "live-streaming-dev-player-140023399909",
            "id": "live-streaming-dev-player-140023399909",
            "policy": "{\"Statement\":[{\"Action\":\"s3:GetObject\",\"Condition\":{\"StringEquals\":{\"AWS:SourceArn\":\"arn:aws:cloudfront::140023399909:distribution/E2J9QXRZTKSUHN\"}},\"Effect\":\"Allow\",\"Principal\":{\"Service\":\"cloudfront.amazonaws.com\"},\"Resource\":\"arn:aws:s3:::live-streaming-dev-player-140023399909/*\",\"Sid\":\"AllowCloudFrontServicePrincipal\"},{\"Action\":\"s3:GetObject\",\"Effect\":\"Allow\",\"Principal\":\"*\",\"Resource\":\"arn:aws:s3:::live-streaming-dev-player-140023399909/*\",\"Sid\":\"PublicReadGetObject\"}],\"Version\":\"2012-10-17\"}"
          },
          "sensitive_attributes": [],
          "identity_schema_version": 0,
          "private": "bnVsbA==",
          "dependencies": [
            "aws_cloudfront_distribution.player",
            "aws_cloudfront_origin_access_control.player",
            "module.storage.aws_s3_bucket.archive",
            "module.storage.aws_s3_bucket.hls",
            "module.storage.aws_s3_bucket.player",
            "module.storage.aws_s3_bucket_cors_configuration.archive",
            "module.storage.aws_s3_bucket_cors_configuration.hls",
            "module.storage.aws_s3_bucket_lifecycle_configuration.archive",
            "module.storage.aws_s3_bucket_lifecycle_configuration.hls",
            "module.storage.aws_s3_bucket_policy.player",
            "module.storage.aws_s3_bucket_public_access_block.archive",
            "module.storage.aws_s3_bucket_public_access_block.player",
            "module.storage.aws_s3_bucket_server_side_encryption_configuration.archive",
            "module.storage.aws_s3_bucket_server_side_encryption_configuration.hls",
            "module.storage.aws_s3_bucket_versioning.archive",
            "module.storage.aws_s3_bucket_versioning.hls",
            "module.storage.aws_s3_bucket_website_configuration.player",
            "module.storage.aws_s3_object.player_html",
            "module.storage.data.aws_caller_identity.current"
          ]
        }
      ]
    },
    {
      "mode": "managed",
      "type": "null_resource",
      "name": "update_player_html",
      "provider": "provider[\"registry.terraform.io/hashicorp/null\"]",
      "instances": [
        {
          "status": "tainted",
          "schema_version": 0,
          "attributes": {
            "id": "1643543034",
            "triggers": {
              "cloudfront_domain": "d364unl9no4vkv.cloudfront.net"
            }
          },
          "sensitive_attributes": [],
          "identity_schema_version": 0,
          "dependencies": [
            "aws_cloudfront_distribution.hls",
            "aws_cloudfront_origin_access_control.hls",
            "module.storage.aws_s3_bucket.archive",
            "module.storage.aws_s3_bucket.hls",
            "module.storage.aws_s3_bucket.player",
            "module.storage.aws_s3_bucket_cors_configuration.archive",
            "module.storage.aws_s3_bucket_cors_configuration.hls",
            "module.storage.aws_s3_bucket_lifecycle_configuration.archive",
            "module.storage.aws_s3_bucket_lifecycle_configuration.hls",
            "module.storage.aws_s3_bucket_policy.player",
            "module.storage.aws_s3_bucket_public_access_block.archive",
            "module.storage.aws_s3_bucket_public_access_block.player",
            "module.storage.aws_s3_bucket_server_side_encryption_configuration.archive",
            "module.storage.aws_s3_bucket_server_side_encryption_configuration.hls",
            "module.storage.aws_s3_bucket_versioning.archive",
            "module.storage.aws_s3_bucket_versioning.hls",
            "module.storage.aws_s3_bucket_website_configuration.player",
            "module.storage.aws_s3_object.player_html",
            "module.storage.data.aws_caller_identity.current"
          ]
        }
      ]
    },
    {
      "module": "module.automation",
      "mode": "data",
      "type": "archive_file",
      "name": "lambda_channel_control",
      "provider": "provider[\"registry.terraform.io/hashicorp/archive\"]",
      "instances": [
        {
          "schema_version": 0,
          "attributes": {
            "exclude_symlink_directories": null,
            "excludes": null,
            "id": "ca1db29bc90ce1ba4e588fbb3d05edd3fbb6038d",
            "output_base64sha256": "fMe7hhcslTY7P6rdyULYdCUc3kcCsPkwrft5CrwoLSI=",
            "output_base64sha512": "dMR7dUfLPmQ/0Fdy+smNaGxmEL6Ig9iSH6ZveZqsWoARiVk8kjMFZMWCtU2VS02BXq2cm57yROivuzDlQqfvmQ==",
            "output_file_mode": null,
            "output_md5": "8d9e589f8797b1b2df471304c0ba2052",
            "output_path": "../../modules/automation/lambda_channel_control.zip",
            "output_sha": "ca1db29bc90ce1ba4e588fbb3d05edd3fbb6038d",
            "output_sha256": "7cc7bb86172c95363b3faaddc942d874251cde4702b0f930adfb790abc282d22",
            "output_sha512": "74c47b7547cb3e643fd05772fac98d686c6610be8883d8921fa66f799aac5a801189593c92330564c582b54d954b4d815ead9c9b9ef244e8afbb30e542a7ef99",
            "output_size": 791,
            "source": [
              {
                "content": "import json\nimport boto3\nimport os\n\nmedialive = boto3.client('medialive')\nchannel_id = os.environ['CHANNEL_ID']\n\ndef lambda_handler(event, context):\n    \"\"\"\n    MediaLive 채널 시작/중지 제어\n    \"\"\"\n    action = event.get('action', 'status')\n    \n    try:\n        # 현재 상태 확인\n        response = medialive.describe_channel(ChannelId=channel_id)\n        current_state = response['State']\n        \n        print(f\"Current channel state: {current_state}\")\n        \n        if action == 'start':\n            if current_state in ['IDLE', 'STOPPED']:\n                medialive.start_channel(ChannelId=channel_id)\n                return {\n                    'statusCode': 200,\n                    'body': json.dumps({\n                        'message': 'Channel start initiated',\n                        'channelId': channel_id,\n                        'previousState': current_state\n                    })\n                }\n            else:\n                return {\n                    'statusCode': 200,\n                    'body': json.dumps({\n                        'message': f'Channel already in {current_state} state',\n                        'channelId': channel_id\n                    })\n                }\n        \n        elif action == 'stop':\n            if current_state in ['RUNNING', 'STARTING']:\n                medialive.stop_channel(ChannelId=channel_id)\n                return {\n                    'statusCode': 200,\n                    'body': json.dumps({\n                        'message': 'Channel stop initiated',\n                        'channelId': channel_id,\n                        'previousState': current_state\n                    })\n                }\n            else:\n                return {\n                    'statusCode': 200,\n                    'body': json.dumps({\n                        'message': f'Channel already in {current_state} state',\n                        'channelId': channel_id\n                    })\n                }\n        \n        else:  # status\n            return {\n                'statusCode': 200,\n                'body': json.dumps({\n                    'channelId': channel_id,\n                    'state': current_state,\n                    'arn': response['Arn'],\n                    'name': response['Name']\n                })\n            }\n    \n    except Exception as e:\n        print(f\"Error: {str(e)}\")\n        return {\n            'statusCode': 500,\n            'body': json.dumps({\n                'error': str(e),\n                'channelId': channel_id\n            })\n        }\n",
                "filename": "lambda_function.py"
              }
            ],
            "source_content": null,
            "source_content_filename": null,
            "source_dir": null,
            "source_file": null,
            "type": "zip"
          },
          "sensitive_attributes": [],
          "identity_schema_version": 0
        }
      ]
    },
    {
      "module": "module.automation",
      "mode": "managed",
      "type": "aws_cloudwatch_event_rule",
      "name": "lambda_failure",
      "provider": "provider[\"registry.terraform.io/hashicorp/aws\"]",
      "instances": []
    },
    {
      "module": "module.automation",
      "mode": "managed",
      "type": "aws_cloudwatch_event_rule",
      "name": "start_schedule",
      "provider": "provider[\"registry.terraform.io/hashicorp/aws\"]",
      "instances": []
    },
    {
      "module": "module.automation",
      "mode": "managed",
      "type": "aws_cloudwatch_event_rule",
      "name": "stop_schedule",
      "provider": "provider[\"registry.terraform.io/hashicorp/aws\"]",
      "instances": []
    },
    {
      "module": "module.automation",
      "mode": "managed",
      "type": "aws_cloudwatch_event_target",
      "name": "lambda_failure_sns",
      "provider": "provider[\"registry.terraform.io/hashicorp/aws\"]",
      "instances": []
    },
    {
      "module": "module.automation",
      "mode": "managed",
      "type": "aws_cloudwatch_event_target",
      "name": "start_lambda",
      "provider": "provider[\"registry.terraform.io/hashicorp/aws\"]",
      "instances": []
    },
    {
      "module": "module.automation",
      "mode": "managed",
      "type": "aws_cloudwatch_event_target",
      "name": "stop_lambda",
      "provider": "provider[\"registry.terraform.io/hashicorp/aws\"]",
      "instances": []
    },
    {
      "module": "module.automation",
      "mode": "managed",
      "type": "aws_cloudwatch_log_group",
      "name": "lambda",
      "provider": "provider[\"registry.terraform.io/hashicorp/aws\"]",
      "instances": [
        {
          "schema_version": 0,
          "attributes": {
            "arn": "arn:aws:logs:ap-northeast-2:140023399909:log-group:/aws/lambda/live-streaming-dev-channel-control",
            "id": "/aws/lambda/live-streaming-dev-channel-control",
            "kms_key_id": "",
            "log_group_class": "STANDARD",
            "name": "/aws/lambda/live-streaming-dev-channel-control",
            "name_prefix": "",
            "retention_in_days": 7,
            "skip_destroy": false,
            "tags": {
              "Environment": "Development",
              "ManagedBy": "Terraform",
              "Owner": "GJJANG",
              "Project": "LiveStreaming",
              "Purpose": "Portfolio"
            },
            "tags_all": {
              "Environment": "Development",
              "ManagedBy": "Terraform",
              "Owner": "GJJANG",
              "Project": "LiveStreaming",
              "Purpose": "Portfolio"
            }
          },
          "sensitive_attributes": [],
          "identity_schema_version": 0,
          "private": "bnVsbA==",
          "dependencies": [
            "module.automation.aws_lambda_function.channel_control",
            "module.automation.data.archive_file.lambda_channel_control",
            "module.iam.aws_iam_role.eventbridge",
            "module.iam.aws_iam_role.lambda",
            "module.iam.aws_iam_role.medialive",
            "module.iam.aws_iam_role_policy.eventbridge_lambda",
            "module.iam.aws_iam_role_policy.lambda_logs",
            "module.iam.aws_iam_role_policy.lambda_medialive",
            "module.iam.aws_iam_role_policy.medialive_mediapackage",
            "module.iam.aws_iam_role_policy.medialive_s3",
            "module.medialive.aws_medialive_channel.main",
            "module.medialive.aws_medialive_input.rtmp",
            "module.network.aws_medialive_input_security_group.main",
            "module.storage.aws_s3_bucket.archive",
            "module.storage.aws_s3_bucket.hls",
            "module.storage.aws_s3_bucket.player",
            "module.storage.aws_s3_bucket_cors_configuration.archive",
            "module.storage.aws_s3_bucket_cors_configuration.hls",
            "module.storage.aws_s3_bucket_lifecycle_configuration.archive",
            "module.storage.aws_s3_bucket_lifecycle_configuration.hls",
            "module.storage.aws_s3_bucket_policy.player",
            "module.storage.aws_s3_bucket_public_access_block.archive",
            "module.storage.aws_s3_bucket_public_access_block.player",
            "module.storage.aws_s3_bucket_server_side_encryption_configuration.archive",
            "module.storage.aws_s3_bucket_server_side_encryption_configuration.hls",
            "module.storage.aws_s3_bucket_versioning.archive",
            "module.storage.aws_s3_bucket_versioning.hls",
            "module.storage.aws_s3_bucket_website_configuration.player",
            "module.storage.aws_s3_object.player_html",
            "module.storage.data.aws_caller_identity.current"
          ]
        }
      ]
    },
    {
      "module": "module.automation",
      "mode": "managed",
      "type": "aws_cloudwatch_metric_alarm",
      "name": "lambda_errors",
      "provider": "provider[\"registry.terraform.io/hashicorp/aws\"]",
      "instances": []
    },
    {
      "module": "module.automation",
      "mode": "managed",
      "type": "aws_cloudwatch_metric_alarm",
      "name": "lambda_throttles",
      "provider": "provider[\"registry.terraform.io/hashicorp/aws\"]",
      "instances": []
    },
    {
      "module": "module.automation",
      "mode": "managed",
      "type": "aws_lambda_function",
      "name": "channel_control",
      "provider": "provider[\"registry.terraform.io/hashicorp/aws\"]",
      "instances": [
        {
          "schema_version": 0,
          "attributes": {
            "architectures": [
              "x86_64"
            ],
            "arn": "arn:aws:lambda:ap-northeast-2:140023399909:function:live-streaming-dev-channel-control",
            "code_sha256": "fMe7hhcslTY7P6rdyULYdCUc3kcCsPkwrft5CrwoLSI=",
            "code_signing_config_arn": "",
            "dead_letter_config": [],
            "description": "",
            "environment": [
              {
                "variables": {
                  "CHANNEL_ID": "5533904"
                }
              }
            ],
            "ephemeral_storage": [
              {
                "size": 512
              }
            ],
            "file_system_config": [],
            "filename": "../../modules/automation/lambda_channel_control.zip",
            "function_name": "live-streaming-dev-channel-control",
            "handler": "lambda_function.lambda_handler",
            "id": "live-streaming-dev-channel-control",
            "image_config": [],
            "image_uri": "",
            "invoke_arn": "arn:aws:apigateway:ap-northeast-2:lambda:path/2015-03-31/functions/arn:aws:lambda:ap-northeast-2:140023399909:function:live-streaming-dev-channel-control/invocations",
            "kms_key_arn": "",
            "last_modified": "2025-11-22T14:53:39.236+0000",
            "layers": [],
            "logging_config": [
              {
                "application_log_level": "",
                "log_format": "Text",
                "log_group": "/aws/lambda/live-streaming-dev-channel-control",
                "system_log_level": ""
              }
            ],
            "memory_size": 128,
            "package_type": "Zip",
            "publish": false,
            "qualified_arn": "arn:aws:lambda:ap-northeast-2:140023399909:function:live-streaming-dev-channel-control:$LATEST",
            "qualified_invoke_arn": "arn:aws:apigateway:ap-northeast-2:lambda:path/2015-03-31/functions/arn:aws:lambda:ap-northeast-2:140023399909:function:live-streaming-dev-channel-control:$LATEST/invocations",
            "replace_security_groups_on_destroy": null,
            "replacement_security_group_ids": null,
            "reserved_concurrent_executions": -1,
            "role": "arn:aws:iam::140023399909:role/live-streaming-dev-lambda-role",
            "runtime": "python3.11",
            "s3_bucket": null,
            "s3_key": null,
            "s3_object_version": null,
            "signing_job_arn": "",
            "signing_profile_version_arn": "",
            "skip_destroy": false,
            "snap_start": [],
            "source_code_hash": "fMe7hhcslTY7P6rdyULYdCUc3kcCsPkwrft5CrwoLSI=",
            "source_code_size": 791,
            "tags": {
              "Environment": "Development",
              "ManagedBy": "Terraform",
              "Name": "live-streaming-dev-channel-control",
              "Owner": "GJJANG",
              "Project": "LiveStreaming",
              "Purpose": "Portfolio"
            },
            "tags_all": {
              "Environment": "Development",
              "ManagedBy": "Terraform",
              "Name": "live-streaming-dev-channel-control",
              "Owner": "GJJANG",
              "Project": "LiveStreaming",
              "Purpose": "Portfolio"
            },
            "timeout": 60,
            "timeouts": null,
            "tracing_config": [
              {
                "mode": "PassThrough"
              }
            ],
            "version": "$LATEST",
            "vpc_config": []
          },
          "sensitive_attributes": [],
          "identity_schema_version": 0,
          "private": "eyJlMmJmYjczMC1lY2FhLTExZTYtOGY4OC0zNDM2M2JjN2M0YzAiOnsiY3JlYXRlIjo2MDAwMDAwMDAwMDAsImRlbGV0ZSI6NjAwMDAwMDAwMDAwLCJ1cGRhdGUiOjYwMDAwMDAwMDAwMH19",
          "dependencies": [
            "module.automation.data.archive_file.lambda_channel_control",
            "module.iam.aws_iam_role.eventbridge",
            "module.iam.aws_iam_role.lambda",
            "module.iam.aws_iam_role.medialive",
            "module.iam.aws_iam_role_policy.eventbridge_lambda",
            "module.iam.aws_iam_role_policy.lambda_logs",
            "module.iam.aws_iam_role_policy.lambda_medialive",
            "module.iam.aws_iam_role_policy.medialive_mediapackage",
            "module.iam.aws_iam_role_policy.medialive_s3",
            "module.medialive.aws_medialive_channel.main",
            "module.medialive.aws_medialive_input.rtmp",
            "module.network.aws_medialive_input_security_group.main",
            "module.storage.aws_s3_bucket.archive",
            "module.storage.aws_s3_bucket.hls",
            "module.storage.aws_s3_bucket.player",
            "module.storage.aws_s3_bucket_acl.hls",
            "module.storage.aws_s3_bucket_cors_configuration.archive",
            "module.storage.aws_s3_bucket_cors_configuration.hls",
            "module.storage.aws_s3_bucket_lifecycle_configuration.archive",
            "module.storage.aws_s3_bucket_lifecycle_configuration.hls",
            "module.storage.aws_s3_bucket_ownership_controls.hls",
            "module.storage.aws_s3_bucket_policy.hls",
            "module.storage.aws_s3_bucket_policy.player",
            "module.storage.aws_s3_bucket_public_access_block.archive",
            "module.storage.aws_s3_bucket_public_access_block.hls",
            "module.storage.aws_s3_bucket_public_access_block.player",
            "module.storage.aws_s3_bucket_server_side_encryption_configuration.archive",
            "module.storage.aws_s3_bucket_server_side_encryption_configuration.hls",
            "module.storage.aws_s3_bucket_versioning.archive",
            "module.storage.aws_s3_bucket_versioning.hls",
            "module.storage.aws_s3_bucket_website_configuration.player",
            "module.storage.aws_s3_object.player_html",
            "module.storage.data.aws_caller_identity.current"
          ]
        }
      ]
    },
    {
      "module": "module.automation",
      "mode": "managed",
      "type": "aws_lambda_permission",
      "name": "allow_eventbridge_start",
      "provider": "provider[\"registry.terraform.io/hashicorp/aws\"]",
      "instances": []
    },
    {
      "module": "module.automation",
      "mode": "managed",
      "type": "aws_lambda_permission",
      "name": "allow_eventbridge_stop",
      "provider": "provider[\"registry.terraform.io/hashicorp/aws\"]",
      "instances": []
    },
    {
      "module": "module.automation",
      "mode": "managed",
      "type": "aws_sns_topic",
      "name": "lambda_errors",
      "provider": "provider[\"registry.terraform.io/hashicorp/aws\"]",
      "instances": []
    },
    {
      "module": "module.automation",
      "mode": "managed",
      "type": "aws_sns_topic_subscription",
      "name": "lambda_errors_email",
      "provider": "provider[\"registry.terraform.io/hashicorp/aws\"]",
      "instances": []
    },
    {
      "module": "module.iam",
      "mode": "managed",
      "type": "aws_iam_role",
      "name": "eventbridge",
      "provider": "provider[\"registry.terraform.io/hashicorp/aws\"]",
      "instances": []
    },
    {
      "module": "module.iam",
      "mode": "managed",
      "type": "aws_iam_role",
      "name": "lambda",
      "provider": "provider[\"registry.terraform.io/hashicorp/aws\"]",
      "instances": [
        {
          "index_key": 0,
          "schema_version": 0,
          "attributes": {
            "arn": "arn:aws:iam::140023399909:role/live-streaming-dev-lambda-role",
            "assume_role_policy": "{\"Statement\":[{\"Action\":\"sts:AssumeRole\",\"Effect\":\"Allow\",\"Principal\":{\"Service\":\"lambda.amazonaws.com\"}}],\"Version\":\"2012-10-17\"}",
            "create_date": "2025-11-22T14:43:20Z",
            "description": "",
            "force_detach_policies": false,
            "id": "live-streaming-dev-lambda-role",
            "inline_policy": [
              {
                "name": "cloudwatch-logs",
                "policy": "{\"Version\":\"2012-10-17\",\"Statement\":[{\"Action\":[\"logs:CreateLogGroup\",\"logs:CreateLogStream\",\"logs:PutLogEvents\"],\"Effect\":\"Allow\",\"Resource\":\"arn:aws:logs:*:*:*\"}]}"
              },
              {
                "name": "medialive-control",
                "policy": "{\"Version\":\"2012-10-17\",\"Statement\":[{\"Action\":[\"medialive:StartChannel\",\"medialive:StopChannel\",\"medialive:DescribeChannel\"],\"Effect\":\"Allow\",\"Resource\":\"*\"}]}"
              }
            ],
            "managed_policy_arns": [],
            "max_session_duration": 3600,
            "name": "live-streaming-dev-lambda-role",
            "name_prefix": "",
            "path": "/",
            "permissions_boundary": "",
            "tags": {
              "Environment": "Development",
              "ManagedBy": "Terraform",
              "Name": "live-streaming-dev-lambda-role",
              "Owner": "GJJANG",
              "Project": "LiveStreaming",
              "Purpose": "Portfolio"
            },
            "tags_all": {
              "Environment": "Development",
              "ManagedBy": "Terraform",
              "Name": "live-streaming-dev-lambda-role",
              "Owner": "GJJANG",
              "Project": "LiveStreaming",
              "Purpose": "Portfolio"
            },
            "unique_id": "AROASBGQLQXS5DMIKLP7N"
          },
          "sensitive_attributes": [],
          "identity_schema_version": 0,
          "private": "bnVsbA==",
          "dependencies": [
            "module.storage.aws_s3_bucket.archive",
            "module.storage.aws_s3_bucket.hls",
            "module.storage.aws_s3_bucket.player",
            "module.storage.aws_s3_bucket_cors_configuration.archive",
            "module.storage.aws_s3_bucket_cors_configuration.hls",
            "module.storage.aws_s3_bucket_lifecycle_configuration.archive",
            "module.storage.aws_s3_bucket_lifecycle_configuration.hls",
            "module.storage.aws_s3_bucket_policy.player",
            "module.storage.aws_s3_bucket_public_access_block.archive",
            "module.storage.aws_s3_bucket_public_access_block.player",
            "module.storage.aws_s3_bucket_server_side_encryption_configuration.archive",
            "module.storage.aws_s3_bucket_server_side_encryption_configuration.hls",
            "module.storage.aws_s3_bucket_versioning.archive",
            "module.storage.aws_s3_bucket_versioning.hls",
            "module.storage.aws_s3_bucket_website_configuration.player",
            "module.storage.aws_s3_object.player_html",
            "module.storage.data.aws_caller_identity.current"
          ]
        }
      ]
    },
    {
      "module": "module.iam",
      "mode": "managed",
      "type": "aws_iam_role",
      "name": "medialive",
      "provider": "provider[\"registry.terraform.io/hashicorp/aws\"]",
      "instances": [
        {
          "schema_version": 0,
          "attributes": {
            "arn": "arn:aws:iam::140023399909:role/live-streaming-dev-medialive-role",
            "assume_role_policy": "{\"Statement\":[{\"Action\":\"sts:AssumeRole\",\"Effect\":\"Allow\",\"Principal\":{\"Service\":\"medialive.amazonaws.com\"}}],\"Version\":\"2012-10-17\"}",
            "create_date": "2025-11-22T14:43:20Z",
            "description": "",
            "force_detach_policies": false,
            "id": "live-streaming-dev-medialive-role",
            "inline_policy": [
              {
                "name": "mediapackage-access",
                "policy": "{\"Version\":\"2012-10-17\",\"Statement\":[{\"Action\":[\"mediapackage:DescribeChannel\"],\"Effect\":\"Allow\",\"Resource\":\"*\"}]}"
              },
              {
                "name": "s3-access",
                "policy": "{\"Version\":\"2012-10-17\",\"Statement\":[{\"Action\":[\"s3:*\"],\"Effect\":\"Allow\",\"Resource\":[\"arn:aws:s3:::live-streaming-dev-archive-140023399909\",\"arn:aws:s3:::live-streaming-dev-archive-140023399909/*\",\"arn:aws:s3:::live-streaming-dev-hls-140023399909\",\"arn:aws:s3:::live-streaming-dev-hls-140023399909/*\"]}]}"
              }
            ],
            "managed_policy_arns": [],
            "max_session_duration": 3600,
            "name": "live-streaming-dev-medialive-role",
            "name_prefix": "",
            "path": "/",
            "permissions_boundary": "",
            "tags": {
              "Environment": "Development",
              "ManagedBy": "Terraform",
              "Name": "live-streaming-dev-medialive-role",
              "Owner": "GJJANG",
              "Project": "LiveStreaming",
              "Purpose": "Portfolio"
            },
            "tags_all": {
              "Environment": "Development",
              "ManagedBy": "Terraform",
              "Name": "live-streaming-dev-medialive-role",
              "Owner": "GJJANG",
              "Project": "LiveStreaming",
              "Purpose": "Portfolio"
            },
            "unique_id": "AROASBGQLQXSRLZVIAVNJ"
          },
          "sensitive_attributes": [],
          "identity_schema_version": 0,
          "private": "bnVsbA==",
          "dependencies": [
            "module.storage.aws_s3_bucket.archive",
            "module.storage.aws_s3_bucket.hls",
            "module.storage.aws_s3_bucket.player",
            "module.storage.aws_s3_bucket_cors_configuration.archive",
            "module.storage.aws_s3_bucket_cors_configuration.hls",
            "module.storage.aws_s3_bucket_lifecycle_configuration.archive",
            "module.storage.aws_s3_bucket_lifecycle_configuration.hls",
            "module.storage.aws_s3_bucket_policy.player",
            "module.storage.aws_s3_bucket_public_access_block.archive",
            "module.storage.aws_s3_bucket_public_access_block.player",
            "module.storage.aws_s3_bucket_server_side_encryption_configuration.archive",
            "module.storage.aws_s3_bucket_server_side_encryption_configuration.hls",
            "module.storage.aws_s3_bucket_versioning.archive",
            "module.storage.aws_s3_bucket_versioning.hls",
            "module.storage.aws_s3_bucket_website_configuration.player",
            "module.storage.aws_s3_object.player_html",
            "module.storage.data.aws_caller_identity.current"
          ]
        }
      ]
    },
    {
      "module": "module.iam",
      "mode": "managed",
      "type": "aws_iam_role_policy",
      "name": "eventbridge_lambda",
      "provider": "provider[\"registry.terraform.io/hashicorp/aws\"]",
      "instances": []
    },
    {
      "module": "module.iam",
      "mode": "managed",
      "type": "aws_iam_role_policy",
      "name": "lambda_logs",
      "provider": "provider[\"registry.terraform.io/hashicorp/aws\"]",
      "instances": [
        {
          "index_key": 0,
          "schema_version": 0,
          "attributes": {
            "id": "live-streaming-dev-lambda-role:cloudwatch-logs",
            "name": "cloudwatch-logs",
            "name_prefix": "",
            "policy": "{\"Version\":\"2012-10-17\",\"Statement\":[{\"Action\":[\"logs:CreateLogGroup\",\"logs:CreateLogStream\",\"logs:PutLogEvents\"],\"Effect\":\"Allow\",\"Resource\":\"arn:aws:logs:*:*:*\"}]}",
            "role": "live-streaming-dev-lambda-role"
          },
          "sensitive_attributes": [],
          "identity_schema_version": 0,
          "private": "bnVsbA==",
          "dependencies": [
            "module.iam.aws_iam_role.lambda",
            "module.storage.aws_s3_bucket.archive",
            "module.storage.aws_s3_bucket.hls",
            "module.storage.aws_s3_bucket.player",
            "module.storage.aws_s3_bucket_cors_configuration.archive",
            "module.storage.aws_s3_bucket_cors_configuration.hls",
            "module.storage.aws_s3_bucket_lifecycle_configuration.archive",
            "module.storage.aws_s3_bucket_lifecycle_configuration.hls",
            "module.storage.aws_s3_bucket_policy.player",
            "module.storage.aws_s3_bucket_public_access_block.archive",
            "module.storage.aws_s3_bucket_public_access_block.player",
            "module.storage.aws_s3_bucket_server_side_encryption_configuration.archive",
            "module.storage.aws_s3_bucket_server_side_encryption_configuration.hls",
            "module.storage.aws_s3_bucket_versioning.archive",
            "module.storage.aws_s3_bucket_versioning.hls",
            "module.storage.aws_s3_bucket_website_configuration.player",
            "module.storage.aws_s3_object.player_html",
            "module.storage.data.aws_caller_identity.current"
          ]
        }
      ]
    },
    {
      "module": "module.iam",
      "mode": "managed",
      "type": "aws_iam_role_policy",
      "name": "lambda_medialive",
      "provider": "provider[\"registry.terraform.io/hashicorp/aws\"]",
      "instances": [
        {
          "index_key": 0,
          "schema_version": 0,
          "attributes": {
            "id": "live-streaming-dev-lambda-role:medialive-control",
            "name": "medialive-control",
            "name_prefix": "",
            "policy": "{\"Version\":\"2012-10-17\",\"Statement\":[{\"Action\":[\"medialive:StartChannel\",\"medialive:StopChannel\",\"medialive:DescribeChannel\"],\"Effect\":\"Allow\",\"Resource\":\"*\"}]}",
            "role": "live-streaming-dev-lambda-role"
          },
          "sensitive_attributes": [],
          "identity_schema_version": 0,
          "private": "bnVsbA==",
          "dependencies": [
            "module.iam.aws_iam_role.lambda",
            "module.storage.aws_s3_bucket.archive",
            "module.storage.aws_s3_bucket.hls",
            "module.storage.aws_s3_bucket.player",
            "module.storage.aws_s3_bucket_cors_configuration.archive",
            "module.storage.aws_s3_bucket_cors_configuration.hls",
            "module.storage.aws_s3_bucket_lifecycle_configuration.archive",
            "module.storage.aws_s3_bucket_lifecycle_configuration.hls",
            "module.storage.aws_s3_bucket_policy.player",
            "module.storage.aws_s3_bucket_public_access_block.archive",
            "module.storage.aws_s3_bucket_public_access_block.player",
            "module.storage.aws_s3_bucket_server_side_encryption_configuration.archive",
            "module.storage.aws_s3_bucket_server_side_encryption_configuration.hls",
            "module.storage.aws_s3_bucket_versioning.archive",
            "module.storage.aws_s3_bucket_versioning.hls",
            "module.storage.aws_s3_bucket_website_configuration.player",
            "module.storage.aws_s3_object.player_html",
            "module.storage.data.aws_caller_identity.current"
          ]
        }
      ]
    },
    {
      "module": "module.iam",
      "mode": "managed",
      "type": "aws_iam_role_policy",
      "name": "medialive_mediapackage",
      "provider": "provider[\"registry.terraform.io/hashicorp/aws\"]",
      "instances": [
        {
          "schema_version": 0,
          "attributes": {
            "id": "live-streaming-dev-medialive-role:mediapackage-access",
            "name": "mediapackage-access",
            "name_prefix": "",
            "policy": "{\"Version\":\"2012-10-17\",\"Statement\":[{\"Action\":[\"mediapackage:DescribeChannel\"],\"Effect\":\"Allow\",\"Resource\":\"*\"}]}",
            "role": "live-streaming-dev-medialive-role"
          },
          "sensitive_attributes": [],
          "identity_schema_version": 0,
          "private": "bnVsbA==",
          "dependencies": [
            "module.iam.aws_iam_role.medialive",
            "module.storage.aws_s3_bucket.archive",
            "module.storage.aws_s3_bucket.hls",
            "module.storage.aws_s3_bucket.player",
            "module.storage.aws_s3_bucket_cors_configuration.archive",
            "module.storage.aws_s3_bucket_cors_configuration.hls",
            "module.storage.aws_s3_bucket_lifecycle_configuration.archive",
            "module.storage.aws_s3_bucket_lifecycle_configuration.hls",
            "module.storage.aws_s3_bucket_policy.player",
            "module.storage.aws_s3_bucket_public_access_block.archive",
            "module.storage.aws_s3_bucket_public_access_block.player",
            "module.storage.aws_s3_bucket_server_side_encryption_configuration.archive",
            "module.storage.aws_s3_bucket_server_side_encryption_configuration.hls",
            "module.storage.aws_s3_bucket_versioning.archive",
            "module.storage.aws_s3_bucket_versioning.hls",
            "module.storage.aws_s3_bucket_website_configuration.player",
            "module.storage.aws_s3_object.player_html",
            "module.storage.data.aws_caller_identity.current"
          ]
        }
      ]
    },
    {
      "module": "module.iam",
      "mode": "managed",
      "type": "aws_iam_role_policy",
      "name": "medialive_s3",
      "provider": "provider[\"registry.terraform.io/hashicorp/aws\"]",
      "instances": [
        {
          "schema_version": 0,
          "attributes": {
            "id": "live-streaming-dev-medialive-role:s3-access",
            "name": "s3-access",
            "name_prefix": "",
            "policy": "{\"Version\":\"2012-10-17\",\"Statement\":[{\"Action\":[\"s3:*\"],\"Effect\":\"Allow\",\"Resource\":[\"arn:aws:s3:::live-streaming-dev-archive-140023399909\",\"arn:aws:s3:::live-streaming-dev-archive-140023399909/*\",\"arn:aws:s3:::live-streaming-dev-hls-140023399909\",\"arn:aws:s3:::live-streaming-dev-hls-140023399909/*\"]}]}",
            "role": "live-streaming-dev-medialive-role"
          },
          "sensitive_attributes": [],
          "identity_schema_version": 0,
          "private": "bnVsbA==",
          "dependencies": [
            "module.iam.aws_iam_role.medialive",
            "module.storage.aws_s3_bucket.archive",
            "module.storage.aws_s3_bucket.hls",
            "module.storage.aws_s3_bucket.player",
            "module.storage.aws_s3_bucket_cors_configuration.archive",
            "module.storage.aws_s3_bucket_cors_configuration.hls",
            "module.storage.aws_s3_bucket_lifecycle_configuration.archive",
            "module.storage.aws_s3_bucket_lifecycle_configuration.hls",
            "module.storage.aws_s3_bucket_policy.player",
            "module.storage.aws_s3_bucket_public_access_block.archive",
            "module.storage.aws_s3_bucket_public_access_block.player",
            "module.storage.aws_s3_bucket_server_side_encryption_configuration.archive",
            "module.storage.aws_s3_bucket_server_side_encryption_configuration.hls",
            "module.storage.aws_s3_bucket_versioning.archive",
            "module.storage.aws_s3_bucket_versioning.hls",
            "module.storage.aws_s3_bucket_website_configuration.player",
            "module.storage.aws_s3_object.player_html",
            "module.storage.data.aws_caller_identity.current"
          ]
        }
      ]
    },
    {
      "module": "module.medialive",
      "mode": "managed",
      "type": "aws_medialive_channel",
      "name": "main",
      "provider": "provider[\"registry.terraform.io/hashicorp/aws\"]",
      "instances": [
        {
          "schema_version": 0,
          "attributes": {
            "arn": "arn:aws:medialive:ap-northeast-2:140023399909:channel:5533904",
            "cdi_input_specification": [],
            "channel_class": "SINGLE_PIPELINE",
            "channel_id": "5533904",
            "destinations": [
              {
                "id": "s3-archive",
                "media_package_settings": [],
                "multiplex_settings": [],
                "settings": [
                  {
                    "password_param": "",
                    "stream_name": "",
                    "url": "s3://live-streaming-dev-archive-140023399909/archive",
                    "username": ""
                  }
                ]
              },
              {
                "id": "s3-hls",
                "media_package_settings": [],
                "multiplex_settings": [],
                "settings": [
                  {
                    "password_param": "",
                    "stream_name": "",
                    "url": "s3://live-streaming-dev-hls-140023399909/live",
                    "username": ""
                  }
                ]
              }
            ],
            "encoder_settings": [
              {
                "audio_descriptions": [
                  {
                    "audio_normalization_settings": [],
                    "audio_selector_name": "default",
                    "audio_type": "",
                    "audio_type_control": "",
                    "audio_watermark_settings": [],
                    "codec_settings": [
                      {
                        "aac_settings": [
                          {
                            "bitrate": 128000,
                            "coding_mode": "CODING_MODE_2_0",
                            "input_type": "NORMAL",
                            "profile": "LC",
                            "rate_control_mode": "CBR",
                            "raw_format": "",
                            "sample_rate": 48000,
                            "spec": "MPEG4",
                            "vbr_quality": ""
                          }
                        ],
                        "ac3_settings": [],
                        "eac3_atmos_settings": [],
                        "eac3_settings": [],
                        "mp2_settings": [],
                        "pass_through_settings": [],
                        "wav_settings": []
                      }
                    ],
                    "language_code": "",
                    "language_code_control": "",
                    "name": "audio_1",
                    "remix_settings": [],
                    "stream_name": ""
                  }
                ],
                "avail_blanking": [],
                "caption_descriptions": [],
                "global_configuration": [],
                "motion_graphics_configuration": [],
                "nielsen_configuration": [],
                "output_groups": [
                  {
                    "name": "S3_HLS",
                    "output_group_settings": [
                      {
                        "archive_group_settings": [],
                        "frame_capture_group_settings": [],
                        "hls_group_settings": [
                          {
                            "ad_markers": [],
                            "base_url_content": "",
                            "base_url_content1": "",
                            "base_url_manifest": "",
                            "base_url_manifest1": "",
                            "caption_language_mappings": [],
                            "caption_language_setting": "OMIT",
                            "client_cache": "ENABLED",
                            "codec_specification": "RFC_4281",
                            "constant_iv": "",
                            "destination": [
                              {
                                "destination_ref_id": "s3-hls"
                              }
                            ],
                            "directory_structure": "SINGLE_DIRECTORY",
                            "discontinuity_tags": "",
                            "encryption_type": "",
                            "hls_cdn_settings": [
                              {
                                "hls_akamai_settings": [],
                                "hls_basic_put_settings": [
                                  {
                                    "connection_retry_interval": 1,
                                    "filecache_duration": 300,
                                    "num_retries": 10,
                                    "restart_delay": 15
                                  }
                                ],
                                "hls_media_store_settings": [],
                                "hls_s3_settings": [],
                                "hls_webdav_settings": []
                              }
                            ],
                            "hls_id3_segment_tagging": "DISABLED",
                            "iframe_only_playlists": "",
                            "incomplete_segment_behavior": "",
                            "index_n_segments": 10,
                            "input_loss_action": "EMIT_OUTPUT",
                            "iv_in_manifest": "INCLUDE",
                            "iv_source": "FOLLOWS_SEGMENT_NUMBER",
                            "keep_segments": 21,
                            "key_format": "",
                            "key_format_versions": "",
                            "key_provider_settings": [],
                            "manifest_compression": "NONE",
                            "manifest_duration_format": "FLOATING_POINT",
                            "min_segment_length": 0,
                            "mode": "LIVE",
                            "output_selection": "MANIFESTS_AND_SEGMENTS",
                            "program_date_time": "INCLUDE",
                            "program_date_time_clock": "",
                            "program_date_time_period": 600,
                            "redundant_manifest": "DISABLED",
                            "segment_length": 6,
                            "segments_per_subdirectory": 10000,
                            "stream_inf_resolution": "INCLUDE",
                            "timed_metadata_id3_frame": "PRIV",
                            "timed_metadata_id3_period": 10,
                            "timestamp_delta_milliseconds": 0,
                            "ts_file_mode": "SEGMENTED_FILES"
                          }
                        ],
                        "media_package_group_settings": [],
                        "ms_smooth_group_settings": [],
                        "multiplex_group_settings": [],
                        "rtmp_group_settings": [],
                        "udp_group_settings": []
                      }
                    ],
                    "outputs": [
                      {
                        "audio_description_names": [
                          "audio_1"
                        ],
                        "caption_description_names": [],
                        "output_name": "480p",
                        "output_settings": [
                          {
                            "archive_output_settings": [],
                            "frame_capture_output_settings": [],
                            "hls_output_settings": [
                              {
                                "h265_packaging_type": "",
                                "hls_settings": [
                                  {
                                    "audio_only_hls_settings": [],
                                    "fmp4_hls_settings": [],
                                    "frame_capture_hls_settings": [],
                                    "standard_hls_settings": [
                                      {
                                        "audio_rendition_sets": "PROGRAM_AUDIO",
                                        "m3u8_settings": [
                                          {
                                            "audio_frames_per_pes": 4,
                                            "audio_pids": "492",
                                            "ecm_pid": "",
                                            "nielsen_id3_behavior": "NO_PASSTHROUGH",
                                            "pat_interval": 0,
                                            "pcr_control": "PCR_EVERY_PES_PACKET",
                                            "pcr_period": 80,
                                            "pcr_pid": "",
                                            "pmt_interval": 0,
                                            "pmt_pid": "480",
                                            "program_num": 1,
                                            "scte35_behavior": "NO_PASSTHROUGH",
                                            "scte35_pid": "",
                                            "timed_metadata_behavior": "NO_PASSTHROUGH",
                                            "timed_metadata_pid": "",
                                            "transport_stream_id": 0,
                                            "video_pid": "481"
                                          }
                                        ]
                                      }
                                    ]
                                  }
                                ],
                                "name_modifier": "-480p",
                                "segment_modifier": ""
                              }
                            ],
                            "media_package_output_settings": [],
                            "ms_smooth_output_settings": [],
                            "multiplex_output_settings": [],
                            "rtmp_output_settings": [],
                            "udp_output_settings": []
                          }
                        ],
                        "video_description_name": "video_480p"
                      }
                    ]
                  },
                  {
                    "name": "S3_ARCHIVE",
                    "output_group_settings": [
                      {
                        "archive_group_settings": [
                          {
                            "archive_cdn_settings": [],
                            "destination": [
                              {
                                "destination_ref_id": "s3-archive"
                              }
                            ],
                            "rollover_interval": 3600
                          }
                        ],
                        "frame_capture_group_settings": [],
                        "hls_group_settings": [],
                        "media_package_group_settings": [],
                        "ms_smooth_group_settings": [],
                        "multiplex_group_settings": [],
                        "rtmp_group_settings": [],
                        "udp_group_settings": []
                      }
                    ],
                    "outputs": [
                      {
                        "audio_description_names": [
                          "audio_1"
                        ],
                        "caption_description_names": [],
                        "output_name": "archive",
                        "output_settings": [
                          {
                            "archive_output_settings": [
                              {
                                "container_settings": [
                                  {
                                    "m2ts_settings": [
                                      {
                                        "absent_input_audio_behavior": "",
                                        "arib": "",
                                        "arib_captions_pid": "",
                                        "arib_captions_pid_control": "",
                                        "audio_buffer_model": "ATSC",
                                        "audio_frames_per_pes": 2,
                                        "audio_pids": "482",
                                        "audio_stream_type": "",
                                        "bitrate": 0,
                                        "buffer_model": "MULTIPLEX",
                                        "cc_descriptor": "",
                                        "dvb_nit_settings": [],
                                        "dvb_sdt_settings": [],
                                        "dvb_sub_pids": "",
                                        "dvb_tdt_settings": [],
                                        "dvb_teletext_pid": "",
                                        "ebif": "",
                                        "ebp_audio_interval": "",
                                        "ebp_lookahead_ms": 0,
                                        "ebp_placement": "",
                                        "ecm_pid": "",
                                        "es_rate_in_pes": "",
                                        "etv_platform_pid": "",
                                        "etv_signal_pid": "",
                                        "fragment_time": 0,
                                        "klv": "",
                                        "klv_data_pids": "",
                                        "nielsen_id3_behavior": "",
                                        "null_packet_bitrate": 0,
                                        "pat_interval": 100,
                                        "pcr_control": "PCR_EVERY_PES_PACKET",
                                        "pcr_period": 40,
                                        "pcr_pid": "",
                                        "pmt_interval": 100,
                                        "pmt_pid": "480",
                                        "program_num": 1,
                                        "rate_mode": "CBR",
                                        "scte27_pids": "",
                                        "scte35_control": "",
                                        "scte35_pid": "",
                                        "segmentation_markers": "",
                                        "segmentation_style": "",
                                        "segmentation_time": 0,
                                        "timed_metadata_behavior": "",
                                        "timed_metadata_pid": "",
                                        "transport_stream_id": 0,
                                        "video_pid": "481"
                                      }
                                    ],
                                    "raw_settings": []
                                  }
                                ],
                                "extension": "",
                                "name_modifier": "_archive"
                              }
                            ],
                            "frame_capture_output_settings": [],
                            "hls_output_settings": [],
                            "media_package_output_settings": [],
                            "ms_smooth_output_settings": [],
                            "multiplex_output_settings": [],
                            "rtmp_output_settings": [],
                            "udp_output_settings": []
                          }
                        ],
                        "video_description_name": "video_480p"
                      }
                    ]
                  }
                ],
                "timecode_config": [
                  {
                    "source": "EMBEDDED",
                    "sync_threshold": 0
                  }
                ],
                "video_descriptions": [
                  {
                    "codec_settings": [
                      {
                        "frame_capture_settings": [],
                        "h264_settings": [
                          {
                            "adaptive_quantization": "HIGH",
                            "afd_signaling": "",
                            "bitrate": 1500000,
                            "buf_fill_pct": 0,
                            "buf_size": 0,
                            "color_metadata": "",
                            "entropy_encoding": "",
                            "filter_settings": [],
                            "fixed_afd": "",
                            "flicker_aq": "",
                            "force_field_pictures": "",
                            "framerate_control": "SPECIFIED",
                            "framerate_denominator": 1,
                            "framerate_numerator": 30,
                            "gop_b_reference": "DISABLED",
                            "gop_closed_cadence": 1,
                            "gop_num_b_frames": 2,
                            "gop_size": 60,
                            "gop_size_units": "FRAMES",
                            "level": "H264_LEVEL_AUTO",
                            "look_ahead_rate_control": "HIGH",
                            "max_bitrate": 0,
                            "min_i_interval": 0,
                            "num_ref_frames": 1,
                            "par_control": "SPECIFIED",
                            "par_denominator": 0,
                            "par_numerator": 0,
                            "profile": "HIGH",
                            "quality_level": "",
                            "qvbr_quality_level": 0,
                            "rate_control_mode": "CBR",
                            "scan_type": "PROGRESSIVE",
                            "scene_change_detect": "ENABLED",
                            "slices": 0,
                            "softness": 0,
                            "spatial_aq": "",
                            "subgop_length": "",
                            "syntax": "DEFAULT",
                            "temporal_aq": "",
                            "timecode_insertion": ""
                          }
                        ],
                        "h265_settings": []
                      }
                    ],
                    "height": 480,
                    "name": "video_480p",
                    "respond_to_afd": "",
                    "scaling_behavior": "",
                    "sharpness": 0,
                    "width": 854
                  }
                ]
              }
            ],
            "id": "5533904",
            "input_attachments": [
              {
                "automatic_input_failover_settings": [],
                "input_attachment_name": "main-input",
                "input_id": "4613625",
                "input_settings": []
              }
            ],
            "input_specification": [
              {
                "codec": "AVC",
                "input_resolution": "SD",
                "maximum_bitrate": "MAX_10_MBPS"
              }
            ],
            "log_level": "DISABLED",
            "maintenance": [
              {
                "maintenance_day": "TUESDAY",
                "maintenance_start_time": "13:00"
              }
            ],
            "name": "live-streaming-dev-channel",
            "role_arn": "arn:aws:iam::140023399909:role/live-streaming-dev-medialive-role",
            "start_channel": false,
            "tags": {
              "Environment": "Development",
              "ManagedBy": "Terraform",
              "Name": "live-streaming-dev-channel",
              "Owner": "GJJANG",
              "Project": "LiveStreaming",
              "Purpose": "Portfolio"
            },
            "tags_all": {
              "Environment": "Development",
              "ManagedBy": "Terraform",
              "Name": "live-streaming-dev-channel",
              "Owner": "GJJANG",
              "Project": "LiveStreaming",
              "Purpose": "Portfolio"
            },
            "timeouts": null,
            "vpc": []
          },
          "sensitive_attributes": [],
          "identity_schema_version": 0,
          "private": "eyJlMmJmYjczMC1lY2FhLTExZTYtOGY4OC0zNDM2M2JjN2M0YzAiOnsiY3JlYXRlIjo5MDAwMDAwMDAwMDAsImRlbGV0ZSI6OTAwMDAwMDAwMDAwLCJ1cGRhdGUiOjkwMDAwMDAwMDAwMH19",
          "dependencies": [
            "module.iam.aws_iam_role.eventbridge",
            "module.iam.aws_iam_role.lambda",
            "module.iam.aws_iam_role.medialive",
            "module.iam.aws_iam_role_policy.eventbridge_lambda",
            "module.iam.aws_iam_role_policy.lambda_logs",
            "module.iam.aws_iam_role_policy.lambda_medialive",
            "module.iam.aws_iam_role_policy.medialive_mediapackage",
            "module.iam.aws_iam_role_policy.medialive_s3",
            "module.medialive.aws_medialive_input.rtmp",
            "module.network.aws_medialive_input_security_group.main",
            "module.storage.aws_s3_bucket.archive",
            "module.storage.aws_s3_bucket.hls",
            "module.storage.aws_s3_bucket.player",
            "module.storage.aws_s3_bucket_cors_configuration.archive",
            "module.storage.aws_s3_bucket_cors_configuration.hls",
            "module.storage.aws_s3_bucket_lifecycle_configuration.archive",
            "module.storage.aws_s3_bucket_lifecycle_configuration.hls",
            "module.storage.aws_s3_bucket_policy.player",
            "module.storage.aws_s3_bucket_public_access_block.archive",
            "module.storage.aws_s3_bucket_public_access_block.player",
            "module.storage.aws_s3_bucket_server_side_encryption_configuration.archive",
            "module.storage.aws_s3_bucket_server_side_encryption_configuration.hls",
            "module.storage.aws_s3_bucket_versioning.archive",
            "module.storage.aws_s3_bucket_versioning.hls",
            "module.storage.aws_s3_bucket_website_configuration.player",
            "module.storage.aws_s3_object.player_html",
            "module.storage.data.aws_caller_identity.current"
          ]
        }
      ]
    },
    {
      "module": "module.medialive",
      "mode": "managed",
      "type": "aws_medialive_input",
      "name": "rtmp",
      "provider": "provider[\"registry.terraform.io/hashicorp/aws\"]",
      "instances": [
        {
          "schema_version": 0,
          "attributes": {
            "arn": "arn:aws:medialive:ap-northeast-2:140023399909:input:4613625",
            "attached_channels": [
              "5533904"
            ],
            "destinations": [
              {
                "stream_name": "stream-key-1"
              }
            ],
            "id": "4613625",
            "input_class": "SINGLE_PIPELINE",
            "input_devices": [],
            "input_partner_ids": [],
            "input_security_groups": [
              "8549538"
            ],
            "input_source_type": "STATIC",
            "media_connect_flows": [],
            "name": "live-streaming-dev-rtmp-input",
            "role_arn": "",
            "sources": [],
            "tags": {
              "Environment": "Development",
              "ManagedBy": "Terraform",
              "Name": "live-streaming-dev-rtmp-input",
              "Owner": "GJJANG",
              "Project": "LiveStreaming",
              "Purpose": "Portfolio"
            },
            "tags_all": {
              "Environment": "Development",
              "ManagedBy": "Terraform",
              "Name": "live-streaming-dev-rtmp-input",
              "Owner": "GJJANG",
              "Project": "LiveStreaming",
              "Purpose": "Portfolio"
            },
            "timeouts": null,
            "type": "RTMP_PUSH",
            "vpc": []
          },
          "sensitive_attributes": [],
          "identity_schema_version": 0,
          "private": "eyJlMmJmYjczMC1lY2FhLTExZTYtOGY4OC0zNDM2M2JjN2M0YzAiOnsiY3JlYXRlIjoxODAwMDAwMDAwMDAwLCJkZWxldGUiOjE4MDAwMDAwMDAwMDAsInVwZGF0ZSI6MTgwMDAwMDAwMDAwMH19",
          "dependencies": [
            "module.iam.aws_iam_role.eventbridge",
            "module.iam.aws_iam_role.lambda",
            "module.iam.aws_iam_role.medialive",
            "module.iam.aws_iam_role_policy.eventbridge_lambda",
            "module.iam.aws_iam_role_policy.lambda_logs",
            "module.iam.aws_iam_role_policy.lambda_medialive",
            "module.iam.aws_iam_role_policy.medialive_mediapackage",
            "module.iam.aws_iam_role_policy.medialive_s3",
            "module.network.aws_medialive_input_security_group.main",
            "module.storage.aws_s3_bucket.archive",
            "module.storage.aws_s3_bucket.hls",
            "module.storage.aws_s3_bucket.player",
            "module.storage.aws_s3_bucket_cors_configuration.archive",
            "module.storage.aws_s3_bucket_cors_configuration.hls",
            "module.storage.aws_s3_bucket_lifecycle_configuration.archive",
            "module.storage.aws_s3_bucket_lifecycle_configuration.hls",
            "module.storage.aws_s3_bucket_policy.player",
            "module.storage.aws_s3_bucket_public_access_block.archive",
            "module.storage.aws_s3_bucket_public_access_block.player",
            "module.storage.aws_s3_bucket_server_side_encryption_configuration.archive",
            "module.storage.aws_s3_bucket_server_side_encryption_configuration.hls",
            "module.storage.aws_s3_bucket_versioning.archive",
            "module.storage.aws_s3_bucket_versioning.hls",
            "module.storage.aws_s3_bucket_website_configuration.player",
            "module.storage.aws_s3_object.player_html",
            "module.storage.data.aws_caller_identity.current"
          ]
        }
      ]
    },
    {
      "module": "module.network",
      "mode": "data",
      "type": "aws_subnets",
      "name": "default",
      "provider": "provider[\"registry.terraform.io/hashicorp/aws\"]",
      "instances": [
        {
          "index_key": 0,
          "schema_version": 0,
          "attributes": {
            "filter": [
              {
                "name": "vpc-id",
                "values": [
                  "vpc-0eb67e1d65ec5f2fa"
                ]
              }
            ],
            "id": "ap-northeast-2",
            "ids": [
              "subnet-038ed0eb5d4eb99c1",
              "subnet-093f5f076d374c19b",
              "subnet-01f8b1f3f836dad7b",
              "subnet-0267a62c219f4dc7d"
            ],
            "tags": null,
            "timeouts": null
          },
          "sensitive_attributes": [],
          "identity_schema_version": 0
        }
      ]
    },
    {
      "module": "module.network",
      "mode": "data",
      "type": "aws_vpc",
      "name": "default",
      "provider": "provider[\"registry.terraform.io/hashicorp/aws\"]",
      "instances": [
        {
          "index_key": 0,
          "schema_version": 0,
          "attributes": {
            "arn": "arn:aws:ec2:ap-northeast-2:140023399909:vpc/vpc-0eb67e1d65ec5f2fa",
            "cidr_block": "172.31.0.0/16",
            "cidr_block_associations": [
              {
                "association_id": "vpc-cidr-assoc-0cf7a1da1b12b9477",
                "cidr_block": "172.31.0.0/16",
                "state": "associated"
              }
            ],
            "default": true,
            "dhcp_options_id": "dopt-0fcde9fcbe4bcb833",
            "enable_dns_hostnames": true,
            "enable_dns_support": true,
            "enable_network_address_usage_metrics": false,
            "filter": null,
            "id": "vpc-0eb67e1d65ec5f2fa",
            "instance_tenancy": "default",
            "ipv6_association_id": "",
            "ipv6_cidr_block": "",
            "main_route_table_id": "rtb-0c071a6df667312f2",
            "owner_id": "140023399909",
            "state": null,
            "tags": {},
            "timeouts": null
          },
          "sensitive_attributes": [],
          "identity_schema_version": 0
        }
      ]
    },
    {
      "module": "module.network",
      "mode": "managed",
      "type": "aws_internet_gateway",
      "name": "main",
      "provider": "provider[\"registry.terraform.io/hashicorp/aws\"]",
      "instances": []
    },
    {
      "module": "module.network",
      "mode": "managed",
      "type": "aws_medialive_input_security_group",
      "name": "main",
      "provider": "provider[\"registry.terraform.io/hashicorp/aws\"]",
      "instances": [
        {
          "schema_version": 0,
          "attributes": {
            "arn": "arn:aws:medialive:ap-northeast-2:140023399909:inputSecurityGroup:8549538",
            "id": "8549538",
            "inputs": [
              "4613625"
            ],
            "tags": {
              "Environment": "Development",
              "ManagedBy": "Terraform",
              "Name": "live-streaming-dev-medialive-input-sg",
              "Owner": "GJJANG",
              "Project": "LiveStreaming",
              "Purpose": "Portfolio"
            },
            "tags_all": {
              "Environment": "Development",
              "ManagedBy": "Terraform",
              "Name": "live-streaming-dev-medialive-input-sg",
              "Owner": "GJJANG",
              "Project": "LiveStreaming",
              "Purpose": "Portfolio"
            },
            "timeouts": null,
            "whitelist_rules": [
              {
                "cidr": "0.0.0.0/0"
              }
            ]
          },
          "sensitive_attributes": [],
          "identity_schema_version": 0,
          "private": "eyJlMmJmYjczMC1lY2FhLTExZTYtOGY4OC0zNDM2M2JjN2M0YzAiOnsiY3JlYXRlIjozMDAwMDAwMDAwMDAsImRlbGV0ZSI6MzAwMDAwMDAwMDAwLCJ1cGRhdGUiOjMwMDAwMDAwMDAwMH19"
        }
      ]
    },
    {
      "module": "module.network",
      "mode": "managed",
      "type": "aws_route_table",
      "name": "public",
      "provider": "provider[\"registry.terraform.io/hashicorp/aws\"]",
      "instances": []
    },
    {
      "module": "module.network",
      "mode": "managed",
      "type": "aws_route_table_association",
      "name": "public",
      "provider": "provider[\"registry.terraform.io/hashicorp/aws\"]",
      "instances": []
    },
    {
      "module": "module.network",
      "mode": "managed",
      "type": "aws_subnet",
      "name": "public",
      "provider": "provider[\"registry.terraform.io/hashicorp/aws\"]",
      "instances": []
    },
    {
      "module": "module.network",
      "mode": "managed",
      "type": "aws_vpc",
      "name": "main",
      "provider": "provider[\"registry.terraform.io/hashicorp/aws\"]",
      "instances": []
    },
    {
      "module": "module.network",
      "mode": "managed",
      "type": "aws_vpc_endpoint",
      "name": "s3",
      "provider": "provider[\"registry.terraform.io/hashicorp/aws\"]",
      "instances": []
    },
    {
      "module": "module.storage",
      "mode": "data",
      "type": "aws_caller_identity",
      "name": "current",
      "provider": "provider[\"registry.terraform.io/hashicorp/aws\"]",
      "instances": [
        {
          "schema_version": 0,
          "attributes": {
            "account_id": "140023399909",
            "arn": "arn:aws:iam::140023399909:user/admin",
            "id": "140023399909",
            "user_id": "AIDASBGQLQXSYQVNB5CSC"
          },
          "sensitive_attributes": [],
          "identity_schema_version": 0
        }
      ]
    },
    {
      "module": "module.storage",
      "mode": "managed",
      "type": "aws_s3_bucket",
      "name": "archive",
      "provider": "provider[\"registry.terraform.io/hashicorp/aws\"]",
      "instances": [
        {
          "schema_version": 0,
          "attributes": {
            "acceleration_status": "",
            "acl": null,
            "arn": "arn:aws:s3:::live-streaming-dev-archive-140023399909",
            "bucket": "live-streaming-dev-archive-140023399909",
            "bucket_domain_name": "live-streaming-dev-archive-140023399909.s3.amazonaws.com",
            "bucket_prefix": "",
            "bucket_regional_domain_name": "live-streaming-dev-archive-140023399909.s3.ap-northeast-2.amazonaws.com",
            "cors_rule": [
              {
                "allowed_headers": [
                  "*"
                ],
                "allowed_methods": [
                  "GET",
                  "HEAD"
                ],
                "allowed_origins": [
                  "*"
                ],
                "expose_headers": [
                  "ETag"
                ],
                "max_age_seconds": 3000
              }
            ],
            "force_destroy": false,
            "grant": [
              {
                "id": "28352ba6bf7a694e9f03d085be175bfa27c0e0ac92809e315f3ae99d0ac9792c",
                "permissions": [
                  "FULL_CONTROL"
                ],
                "type": "CanonicalUser",
                "uri": ""
              }
            ],
            "hosted_zone_id": "Z3W03O7B5YMIYP",
            "id": "live-streaming-dev-archive-140023399909",
            "lifecycle_rule": [
              {
                "abort_incomplete_multipart_upload_days": 0,
                "enabled": true,
                "expiration": [
                  {
                    "date": "",
                    "days": 7,
                    "expired_object_delete_marker": false
                  }
                ],
                "id": "delete-old-archives",
                "noncurrent_version_expiration": [
                  {
                    "days": 1
                  }
                ],
                "noncurrent_version_transition": [],
                "prefix": "",
                "tags": {},
                "transition": []
              }
            ],
            "logging": [],
            "object_lock_configuration": [],
            "object_lock_enabled": false,
            "policy": "",
            "region": "ap-northeast-2",
            "replication_configuration": [],
            "request_payer": "BucketOwner",
            "server_side_encryption_configuration": [
              {
                "rule": [
                  {
                    "apply_server_side_encryption_by_default": [
                      {
                        "kms_master_key_id": "",
                        "sse_algorithm": "AES256"
                      }
                    ],
                    "bucket_key_enabled": false
                  }
                ]
              }
            ],
            "tags": {
              "Environment": "Development",
              "ManagedBy": "Terraform",
              "Name": "live-streaming-dev-archive",
              "Owner": "GJJANG",
              "Project": "LiveStreaming",
              "Purpose": "MediaLive Archive Storage"
            },
            "tags_all": {
              "Environment": "Development",
              "ManagedBy": "Terraform",
              "Name": "live-streaming-dev-archive",
              "Owner": "GJJANG",
              "Project": "LiveStreaming",
              "Purpose": "MediaLive Archive Storage"
            },
            "timeouts": null,
            "versioning": [
              {
                "enabled": false,
                "mfa_delete": false
              }
            ],
            "website": [],
            "website_domain": null,
            "website_endpoint": null
          },
          "sensitive_attributes": [],
          "identity_schema_version": 0,
          "private": "eyJlMmJmYjczMC1lY2FhLTExZTYtOGY4OC0zNDM2M2JjN2M0YzAiOnsiY3JlYXRlIjoxMjAwMDAwMDAwMDAwLCJkZWxldGUiOjM2MDAwMDAwMDAwMDAsInJlYWQiOjEyMDAwMDAwMDAwMDAsInVwZGF0ZSI6MTIwMDAwMDAwMDAwMH19",
          "dependencies": [
            "module.storage.data.aws_caller_identity.current"
          ]
        }
      ]
    },
    {
      "module": "module.storage",
      "mode": "managed",
      "type": "aws_s3_bucket",
      "name": "hls",
      "provider": "provider[\"registry.terraform.io/hashicorp/aws\"]",
      "instances": [
        {
          "schema_version": 0,
          "attributes": {
            "acceleration_status": "",
            "acl": null,
            "arn": "arn:aws:s3:::live-streaming-dev-hls-140023399909",
            "bucket": "live-streaming-dev-hls-140023399909",
            "bucket_domain_name": "live-streaming-dev-hls-140023399909.s3.amazonaws.com",
            "bucket_prefix": "",
            "bucket_regional_domain_name": "live-streaming-dev-hls-140023399909.s3.ap-northeast-2.amazonaws.com",
            "cors_rule": [
              {
                "allowed_headers": [
                  "*"
                ],
                "allowed_methods": [
                  "GET",
                  "HEAD"
                ],
                "allowed_origins": [
                  "*"
                ],
                "expose_headers": [
                  "ETag"
                ],
                "max_age_seconds": 3000
              }
            ],
            "force_destroy": false,
            "grant": [
              {
                "id": "",
                "permissions": [
                  "READ"
                ],
                "type": "Group",
                "uri": "http://acs.amazonaws.com/groups/global/AllUsers"
              },
              {
                "id": "28352ba6bf7a694e9f03d085be175bfa27c0e0ac92809e315f3ae99d0ac9792c",
                "permissions": [
                  "FULL_CONTROL"
                ],
                "type": "CanonicalUser",
                "uri": ""
              }
            ],
            "hosted_zone_id": "Z3W03O7B5YMIYP",
            "id": "live-streaming-dev-hls-140023399909",
            "lifecycle_rule": [
              {
                "abort_incomplete_multipart_upload_days": 0,
                "enabled": true,
                "expiration": [
                  {
                    "date": "",
                    "days": 1,
                    "expired_object_delete_marker": false
                  }
                ],
                "id": "delete-old-segments",
                "noncurrent_version_expiration": [],
                "noncurrent_version_transition": [],
                "prefix": "live/",
                "tags": {},
                "transition": []
              }
            ],
            "logging": [],
            "object_lock_configuration": [],
            "object_lock_enabled": false,
            "policy": "{\"Statement\":[{\"Action\":\"s3:GetObject\",\"Condition\":{\"StringEquals\":{\"AWS:SourceArn\":\"arn:aws:cloudfront::140023399909:distribution/E1AQ15QHS2OG4U\"}},\"Effect\":\"Allow\",\"Principal\":{\"Service\":\"cloudfront.amazonaws.com\"},\"Resource\":\"arn:aws:s3:::live-streaming-dev-hls-140023399909/*\",\"Sid\":\"AllowCloudFrontServicePrincipal\"},{\"Action\":\"s3:GetObject\",\"Effect\":\"Allow\",\"Principal\":\"*\",\"Resource\":\"arn:aws:s3:::live-streaming-dev-hls-140023399909/*\",\"Sid\":\"PublicReadGetObject\"}],\"Version\":\"2012-10-17\"}",
            "region": "ap-northeast-2",
            "replication_configuration": [],
            "request_payer": "BucketOwner",
            "server_side_encryption_configuration": [
              {
                "rule": [
                  {
                    "apply_server_side_encryption_by_default": [
                      {
                        "kms_master_key_id": "",
                        "sse_algorithm": "AES256"
                      }
                    ],
                    "bucket_key_enabled": false
                  }
                ]
              }
            ],
            "tags": {
              "Environment": "Development",
              "ManagedBy": "Terraform",
              "Name": "live-streaming-dev-hls",
              "Owner": "GJJANG",
              "Project": "LiveStreaming",
              "Purpose": "MediaLive HLS Output"
            },
            "tags_all": {
              "Environment": "Development",
              "ManagedBy": "Terraform",
              "Name": "live-streaming-dev-hls",
              "Owner": "GJJANG",
              "Project": "LiveStreaming",
              "Purpose": "MediaLive HLS Output"
            },
            "timeouts": null,
            "versioning": [
              {
                "enabled": false,
                "mfa_delete": false
              }
            ],
            "website": [],
            "website_domain": null,
            "website_endpoint": null
          },
          "sensitive_attributes": [],
          "identity_schema_version": 0,
          "private": "eyJlMmJmYjczMC1lY2FhLTExZTYtOGY4OC0zNDM2M2JjN2M0YzAiOnsiY3JlYXRlIjoxMjAwMDAwMDAwMDAwLCJkZWxldGUiOjM2MDAwMDAwMDAwMDAsInJlYWQiOjEyMDAwMDAwMDAwMDAsInVwZGF0ZSI6MTIwMDAwMDAwMDAwMH19",
          "dependencies": [
            "module.storage.data.aws_caller_identity.current"
          ]
        }
      ]
    },
    {
      "module": "module.storage",
      "mode": "managed",
      "type": "aws_s3_bucket",
      "name": "player",
      "provider": "provider[\"registry.terraform.io/hashicorp/aws\"]",
      "instances": [
        {
          "schema_version": 0,
          "attributes": {
            "acceleration_status": "",
            "acl": null,
            "arn": "arn:aws:s3:::live-streaming-dev-player-140023399909",
            "bucket": "live-streaming-dev-player-140023399909",
            "bucket_domain_name": "live-streaming-dev-player-140023399909.s3.amazonaws.com",
            "bucket_prefix": "",
            "bucket_regional_domain_name": "live-streaming-dev-player-140023399909.s3.ap-northeast-2.amazonaws.com",
            "cors_rule": [],
            "force_destroy": false,
            "grant": [
              {
                "id": "28352ba6bf7a694e9f03d085be175bfa27c0e0ac92809e315f3ae99d0ac9792c",
                "permissions": [
                  "FULL_CONTROL"
                ],
                "type": "CanonicalUser",
                "uri": ""
              }
            ],
            "hosted_zone_id": "Z3W03O7B5YMIYP",
            "id": "live-streaming-dev-player-140023399909",
            "lifecycle_rule": [],
            "logging": [],
            "object_lock_configuration": [],
            "object_lock_enabled": false,
            "policy": "{\"Statement\":[{\"Action\":\"s3:GetObject\",\"Condition\":{\"StringEquals\":{\"AWS:SourceArn\":\"arn:aws:cloudfront::140023399909:distribution/E2J9QXRZTKSUHN\"}},\"Effect\":\"Allow\",\"Principal\":{\"Service\":\"cloudfront.amazonaws.com\"},\"Resource\":\"arn:aws:s3:::live-streaming-dev-player-140023399909/*\",\"Sid\":\"AllowCloudFrontServicePrincipal\"},{\"Action\":\"s3:GetObject\",\"Effect\":\"Allow\",\"Principal\":\"*\",\"Resource\":\"arn:aws:s3:::live-streaming-dev-player-140023399909/*\",\"Sid\":\"PublicReadGetObject\"}],\"Version\":\"2012-10-17\"}",
            "region": "ap-northeast-2",
            "replication_configuration": [],
            "request_payer": "BucketOwner",
            "server_side_encryption_configuration": [
              {
                "rule": [
                  {
                    "apply_server_side_encryption_by_default": [
                      {
                        "kms_master_key_id": "",
                        "sse_algorithm": "AES256"
                      }
                    ],
                    "bucket_key_enabled": false
                  }
                ]
              }
            ],
            "tags": {
              "Environment": "Development",
              "ManagedBy": "Terraform",
              "Name": "live-streaming-dev-player",
              "Owner": "GJJANG",
              "Project": "LiveStreaming",
              "Purpose": "Web Player Hosting"
            },
            "tags_all": {
              "Environment": "Development",
              "ManagedBy": "Terraform",
              "Name": "live-streaming-dev-player",
              "Owner": "GJJANG",
              "Project": "LiveStreaming",
              "Purpose": "Web Player Hosting"
            },
            "timeouts": null,
            "versioning": [
              {
                "enabled": false,
                "mfa_delete": false
              }
            ],
            "website": [
              {
                "error_document": "index.html",
                "index_document": "index.html",
                "redirect_all_requests_to": "",
                "routing_rules": ""
              }
            ],
            "website_domain": "s3-website.ap-northeast-2.amazonaws.com",
            "website_endpoint": "live-streaming-dev-player-140023399909.s3-website.ap-northeast-2.amazonaws.com"
          },
          "sensitive_attributes": [],
          "identity_schema_version": 0,
          "private": "eyJlMmJmYjczMC1lY2FhLTExZTYtOGY4OC0zNDM2M2JjN2M0YzAiOnsiY3JlYXRlIjoxMjAwMDAwMDAwMDAwLCJkZWxldGUiOjM2MDAwMDAwMDAwMDAsInJlYWQiOjEyMDAwMDAwMDAwMDAsInVwZGF0ZSI6MTIwMDAwMDAwMDAwMH19",
          "dependencies": [
            "module.storage.data.aws_caller_identity.current"
          ]
        }
      ]
    },
    {
      "module": "module.storage",
      "mode": "managed",
      "type": "aws_s3_bucket_cors_configuration",
      "name": "archive",
      "provider": "provider[\"registry.terraform.io/hashicorp/aws\"]",
      "instances": [
        {
          "schema_version": 0,
          "attributes": {
            "bucket": "live-streaming-dev-archive-140023399909",
            "cors_rule": [
              {
                "allowed_headers": [
                  "*"
                ],
                "allowed_methods": [
                  "GET",
                  "HEAD"
                ],
                "allowed_origins": [
                  "*"
                ],
                "expose_headers": [
                  "ETag"
                ],
                "id": "",
                "max_age_seconds": 3000
              }
            ],
            "expected_bucket_owner": "",
            "id": "live-streaming-dev-archive-140023399909"
          },
          "sensitive_attributes": [],
          "identity_schema_version": 0,
          "private": "bnVsbA==",
          "dependencies": [
            "module.storage.aws_s3_bucket.archive",
            "module.storage.data.aws_caller_identity.current"
          ]
        }
      ]
    },
    {
      "module": "module.storage",
      "mode": "managed",
      "type": "aws_s3_bucket_cors_configuration",
      "name": "hls",
      "provider": "provider[\"registry.terraform.io/hashicorp/aws\"]",
      "instances": [
        {
          "schema_version": 0,
          "attributes": {
            "bucket": "live-streaming-dev-hls-140023399909",
            "cors_rule": [
              {
                "allowed_headers": [
                  "*"
                ],
                "allowed_methods": [
                  "GET",
                  "HEAD"
                ],
                "allowed_origins": [
                  "*"
                ],
                "expose_headers": [
                  "ETag"
                ],
                "id": "",
                "max_age_seconds": 3000
              }
            ],
            "expected_bucket_owner": "",
            "id": "live-streaming-dev-hls-140023399909"
          },
          "sensitive_attributes": [],
          "identity_schema_version": 0,
          "private": "bnVsbA==",
          "dependencies": [
            "module.storage.aws_s3_bucket.hls",
            "module.storage.data.aws_caller_identity.current"
          ]
        }
      ]
    },
    {
      "module": "module.storage",
      "mode": "managed",
      "type": "aws_s3_bucket_lifecycle_configuration",
      "name": "archive",
      "provider": "provider[\"registry.terraform.io/hashicorp/aws\"]",
      "instances": [
        {
          "schema_version": 1,
          "attributes": {
            "bucket": "live-streaming-dev-archive-140023399909",
            "expected_bucket_owner": "",
            "id": "live-streaming-dev-archive-140023399909",
            "rule": [
              {
                "abort_incomplete_multipart_upload": [],
                "expiration": [
                  {
                    "date": null,
                    "days": 7,
                    "expired_object_delete_marker": false
                  }
                ],
                "filter": [
                  {
                    "and": [],
                    "object_size_greater_than": null,
                    "object_size_less_than": null,
                    "prefix": "",
                    "tag": []
                  }
                ],
                "id": "delete-old-archives",
                "noncurrent_version_expiration": [
                  {
                    "newer_noncurrent_versions": null,
                    "noncurrent_days": 1
                  }
                ],
                "noncurrent_version_transition": [],
                "prefix": "",
                "status": "Enabled",
                "transition": []
              }
            ],
            "timeouts": null,
            "transition_default_minimum_object_size": "all_storage_classes_128K"
          },
          "sensitive_attributes": [],
          "identity_schema_version": 0,
          "dependencies": [
            "module.storage.aws_s3_bucket.archive",
            "module.storage.data.aws_caller_identity.current"
          ]
        }
      ]
    },
    {
      "module": "module.storage",
      "mode": "managed",
      "type": "aws_s3_bucket_lifecycle_configuration",
      "name": "hls",
      "provider": "provider[\"registry.terraform.io/hashicorp/aws\"]",
      "instances": [
        {
          "schema_version": 1,
          "attributes": {
            "bucket": "live-streaming-dev-hls-140023399909",
            "expected_bucket_owner": "",
            "id": "live-streaming-dev-hls-140023399909",
            "rule": [
              {
                "abort_incomplete_multipart_upload": [],
                "expiration": [
                  {
                    "date": null,
                    "days": 1,
                    "expired_object_delete_marker": false
                  }
                ],
                "filter": [
                  {
                    "and": [],
                    "object_size_greater_than": null,
                    "object_size_less_than": null,
                    "prefix": "live/",
                    "tag": []
                  }
                ],
                "id": "delete-old-segments",
                "noncurrent_version_expiration": [],
                "noncurrent_version_transition": [],
                "prefix": "",
                "status": "Enabled",
                "transition": []
              }
            ],
            "timeouts": null,
            "transition_default_minimum_object_size": "all_storage_classes_128K"
          },
          "sensitive_attributes": [],
          "identity_schema_version": 0,
          "dependencies": [
            "module.storage.aws_s3_bucket.hls",
            "module.storage.data.aws_caller_identity.current"
          ]
        }
      ]
    },
    {
      "module": "module.storage",
      "mode": "managed",
      "type": "aws_s3_bucket_policy",
      "name": "player",
      "provider": "provider[\"registry.terraform.io/hashicorp/aws\"]",
      "instances": [
        {
          "schema_version": 0,
          "attributes": {
            "bucket": "live-streaming-dev-player-140023399909",
            "id": "live-streaming-dev-player-140023399909",
            "policy": "{\"Statement\":[{\"Action\":\"s3:GetObject\",\"Effect\":\"Allow\",\"Principal\":\"*\",\"Resource\":\"arn:aws:s3:::live-streaming-dev-player-140023399909/*\",\"Sid\":\"PublicReadGetObject\"}],\"Version\":\"2012-10-17\"}"
          },
          "sensitive_attributes": [],
          "identity_schema_version": 0,
          "private": "bnVsbA==",
          "dependencies": [
            "module.storage.aws_s3_bucket.player",
            "module.storage.aws_s3_bucket_public_access_block.player",
            "module.storage.data.aws_caller_identity.current"
          ]
        }
      ]
    },
    {
      "module": "module.storage",
      "mode": "managed",
      "type": "aws_s3_bucket_public_access_block",
      "name": "archive",
      "provider": "provider[\"registry.terraform.io/hashicorp/aws\"]",
      "instances": [
        {
          "schema_version": 0,
          "attributes": {
            "block_public_acls": true,
            "block_public_policy": true,
            "bucket": "live-streaming-dev-archive-140023399909",
            "id": "live-streaming-dev-archive-140023399909",
            "ignore_public_acls": true,
            "restrict_public_buckets": true
          },
          "sensitive_attributes": [],
          "identity_schema_version": 0,
          "private": "bnVsbA==",
          "dependencies": [
            "module.storage.aws_s3_bucket.archive",
            "module.storage.data.aws_caller_identity.current"
          ]
        }
      ]
    },
    {
      "module": "module.storage",
      "mode": "managed",
      "type": "aws_s3_bucket_public_access_block",
      "name": "player",
      "provider": "provider[\"registry.terraform.io/hashicorp/aws\"]",
      "instances": [
        {
          "schema_version": 0,
          "attributes": {
            "block_public_acls": false,
            "block_public_policy": false,
            "bucket": "live-streaming-dev-player-140023399909",
            "id": "live-streaming-dev-player-140023399909",
            "ignore_public_acls": false,
            "restrict_public_buckets": false
          },
          "sensitive_attributes": [],
          "identity_schema_version": 0,
          "private": "bnVsbA==",
          "dependencies": [
            "module.storage.aws_s3_bucket.player",
            "module.storage.data.aws_caller_identity.current"
          ]
        }
      ]
    },
    {
      "module": "module.storage",
      "mode": "managed",
      "type": "aws_s3_bucket_server_side_encryption_configuration",
      "name": "archive",
      "provider": "provider[\"registry.terraform.io/hashicorp/aws\"]",
      "instances": [
        {
          "schema_version": 0,
          "attributes": {
            "bucket": "live-streaming-dev-archive-140023399909",
            "expected_bucket_owner": "",
            "id": "live-streaming-dev-archive-140023399909",
            "rule": [
              {
                "apply_server_side_encryption_by_default": [
                  {
                    "kms_master_key_id": "",
                    "sse_algorithm": "AES256"
                  }
                ],
                "bucket_key_enabled": false
              }
            ]
          },
          "sensitive_attributes": [],
          "identity_schema_version": 0,
          "private": "bnVsbA==",
          "dependencies": [
            "module.storage.aws_s3_bucket.archive",
            "module.storage.data.aws_caller_identity.current"
          ]
        }
      ]
    },
    {
      "module": "module.storage",
      "mode": "managed",
      "type": "aws_s3_bucket_server_side_encryption_configuration",
      "name": "hls",
      "provider": "provider[\"registry.terraform.io/hashicorp/aws\"]",
      "instances": [
        {
          "schema_version": 0,
          "attributes": {
            "bucket": "live-streaming-dev-hls-140023399909",
            "expected_bucket_owner": "",
            "id": "live-streaming-dev-hls-140023399909",
            "rule": [
              {
                "apply_server_side_encryption_by_default": [
                  {
                    "kms_master_key_id": "",
                    "sse_algorithm": "AES256"
                  }
                ],
                "bucket_key_enabled": false
              }
            ]
          },
          "sensitive_attributes": [],
          "identity_schema_version": 0,
          "private": "bnVsbA==",
          "dependencies": [
            "module.storage.aws_s3_bucket.hls",
            "module.storage.data.aws_caller_identity.current"
          ]
        }
      ]
    },
    {
      "module": "module.storage",
      "mode": "managed",
      "type": "aws_s3_bucket_versioning",
      "name": "archive",
      "provider": "provider[\"registry.terraform.io/hashicorp/aws\"]",
      "instances": [
        {
          "schema_version": 0,
          "attributes": {
            "bucket": "live-streaming-dev-archive-140023399909",
            "expected_bucket_owner": "",
            "id": "live-streaming-dev-archive-140023399909",
            "mfa": null,
            "versioning_configuration": [
              {
                "mfa_delete": "",
                "status": "Disabled"
              }
            ]
          },
          "sensitive_attributes": [],
          "identity_schema_version": 0,
          "private": "bnVsbA==",
          "dependencies": [
            "module.storage.aws_s3_bucket.archive",
            "module.storage.data.aws_caller_identity.current"
          ]
        }
      ]
    },
    {
      "module": "module.storage",
      "mode": "managed",
      "type": "aws_s3_bucket_versioning",
      "name": "hls",
      "provider": "provider[\"registry.terraform.io/hashicorp/aws\"]",
      "instances": [
        {
          "schema_version": 0,
          "attributes": {
            "bucket": "live-streaming-dev-hls-140023399909",
            "expected_bucket_owner": "",
            "id": "live-streaming-dev-hls-140023399909",
            "mfa": null,
            "versioning_configuration": [
              {
                "mfa_delete": "",
                "status": "Disabled"
              }
            ]
          },
          "sensitive_attributes": [],
          "identity_schema_version": 0,
          "private": "bnVsbA==",
          "dependencies": [
            "module.storage.aws_s3_bucket.hls",
            "module.storage.data.aws_caller_identity.current"
          ]
        }
      ]
    },
    {
      "module": "module.storage",
      "mode": "managed",
      "type": "aws_s3_bucket_website_configuration",
      "name": "player",
      "provider": "provider[\"registry.terraform.io/hashicorp/aws\"]",
      "instances": [
        {
          "schema_version": 0,
          "attributes": {
            "bucket": "live-streaming-dev-player-140023399909",
            "error_document": [
              {
                "key": "index.html"
              }
            ],
            "expected_bucket_owner": "",
            "id": "live-streaming-dev-player-140023399909",
            "index_document": [
              {
                "suffix": "index.html"
              }
            ],
            "redirect_all_requests_to": [],
            "routing_rule": [],
            "routing_rules": "",
            "website_domain": "s3-website.ap-northeast-2.amazonaws.com",
            "website_endpoint": "live-streaming-dev-player-140023399909.s3-website.ap-northeast-2.amazonaws.com"
          },
          "sensitive_attributes": [],
          "identity_schema_version": 0,
          "private": "bnVsbA==",
          "dependencies": [
            "module.storage.aws_s3_bucket.player",
            "module.storage.data.aws_caller_identity.current"
          ]
        }
      ]
    },
    {
      "module": "module.storage",
      "mode": "managed",
      "type": "aws_s3_object",
      "name": "player_html",
      "provider": "provider[\"registry.terraform.io/hashicorp/aws\"]",
      "instances": [
        {
          "schema_version": 0,
          "attributes": {
            "acl": null,
            "arn": "arn:aws:s3:::live-streaming-dev-player-140023399909/index.html",
            "bucket": "live-streaming-dev-player-140023399909",
            "bucket_key_enabled": false,
            "cache_control": "",
            "checksum_algorithm": null,
            "checksum_crc32": "",
            "checksum_crc32c": "",
            "checksum_crc64nvme": "",
            "checksum_sha1": "",
            "checksum_sha256": "",
            "content": "\u003c!DOCTYPE html\u003e\n\u003chtml lang=\"ko\"\u003e\n\u003chead\u003e\n  \u003cmeta charset=\"UTF-8\"\u003e\n  \u003cmeta name=\"viewport\" content=\"width=device-width, initial-scale=1.0\"\u003e\n  \u003ctitle\u003eLive Streaming Player\u003c/title\u003e\n\n  \u003c!-- CloudFront 설정 로드 --\u003e\n  \u003cscript src=\"cloudfront-config.js\"\u003e\u003c/script\u003e\n\n  \u003cstyle\u003e\n    * {\n      margin: 0;\n      padding: 0;\n      box-sizing: border-box;\n    }\n\n    body {\n      background: linear-gradient(135deg, #667eea 0%, #764ba2 100%);\n      min-height: 100vh;\n      display: flex;\n      justify-content: center;\n      align-items: center;\n      font-family: 'Segoe UI', Tahoma, Geneva, Verdana, sans-serif;\n      padding: 20px;\n    }\n\n    .container {\n      background: white;\n      border-radius: 20px;\n      box-shadow: 0 20px 60px rgba(0, 0, 0, 0.3);\n      max-width: 1200px;\n      width: 100%;\n      overflow: hidden;\n    }\n\n    .header {\n      background: linear-gradient(135deg, #667eea 0%, #764ba2 100%);\n      padding: 30px;\n      text-align: center;\n      color: white;\n    }\n\n    .header h1 {\n      font-size: 2.5em;\n      margin-bottom: 10px;\n      text-shadow: 2px 2px 4px rgba(0, 0, 0, 0.2);\n    }\n\n    .status {\n      display: inline-flex;\n      align-items: center;\n      gap: 8px;\n      background: rgba(255, 255, 255, 0.2);\n      padding: 8px 20px;\n      border-radius: 20px;\n      font-size: 1.1em;\n      margin-top: 10px;\n    }\n\n    .status-dot {\n      width: 12px;\n      height: 12px;\n      border-radius: 50%;\n      background: #ff4444;\n      animation: pulse 2s infinite;\n    }\n\n    .status.live .status-dot {\n      background: #44ff44;\n    }\n\n    @keyframes pulse {\n      0%, 100% { opacity: 1; }\n      50% { opacity: 0.5; }\n    }\n\n    .video-container {\n      position: relative;\n      background: #000;\n      aspect-ratio: 16/9;\n    }\n\n    video {\n      width: 100%;\n      height: 100%;\n      display: block;\n    }\n\n    .loading {\n      position: absolute;\n      top: 50%;\n      left: 50%;\n      transform: translate(-50%, -50%);\n      color: white;\n      font-size: 1.5em;\n      text-align: center;\n    }\n\n    .spinner {\n      border: 4px solid rgba(255, 255, 255, 0.3);\n      border-top: 4px solid white;\n      border-radius: 50%;\n      width: 50px;\n      height: 50px;\n      animation: spin 1s linear infinite;\n      margin: 0 auto 20px;\n    }\n\n    @keyframes spin {\n      0% { transform: rotate(0deg); }\n      100% { transform: rotate(360deg); }\n    }\n\n    .controls {\n      padding: 30px;\n      background: #f8f9fa;\n    }\n\n    .input-group {\n      margin-bottom: 20px;\n    }\n\n    .input-group label {\n      display: block;\n      margin-bottom: 8px;\n      font-weight: 600;\n      color: #333;\n    }\n\n    .input-group input {\n      width: 100%;\n      padding: 12px;\n      border: 2px solid #ddd;\n      border-radius: 8px;\n      font-size: 1em;\n      transition: border-color 0.3s;\n    }\n\n    .input-group input:focus {\n      outline: none;\n      border-color: #667eea;\n    }\n\n    .btn {\n      background: linear-gradient(135deg, #667eea 0%, #764ba2 100%);\n      color: white;\n      border: none;\n      padding: 12px 30px;\n      border-radius: 8px;\n      font-size: 1.1em;\n      cursor: pointer;\n      transition: transform 0.2s, box-shadow 0.2s;\n      width: 100%;\n    }\n\n    .btn:hover {\n      transform: translateY(-2px);\n      box-shadow: 0 5px 15px rgba(102, 126, 234, 0.4);\n    }\n\n    .btn:active {\n      transform: translateY(0);\n    }\n\n    .info {\n      margin-top: 20px;\n      padding: 15px;\n      background: #e3f2fd;\n      border-left: 4px solid #2196f3;\n      border-radius: 4px;\n      font-size: 0.9em;\n      color: #333;\n    }\n\n    .info strong {\n      color: #1976d2;\n    }\n\n    .footer {\n      text-align: center;\n      padding: 20px;\n      color: #666;\n      font-size: 0.9em;\n    }\n\n    @media (max-width: 768px) {\n      .header h1 {\n        font-size: 1.8em;\n      }\n      \n      body {\n        padding: 10px;\n      }\n    }\n  \u003c/style\u003e\n\u003c/head\u003e\n\u003cbody\u003e\n  \u003cdiv class=\"container\"\u003e\n    \u003cdiv class=\"header\"\u003e\n      \u003ch1\u003e🎥 Live Streaming\u003c/h1\u003e\n      \u003cdiv class=\"status\" id=\"status\"\u003e\n        \u003cspan class=\"status-dot\"\u003e\u003c/span\u003e\n        \u003cspan id=\"status-text\"\u003e대기 중\u003c/span\u003e\n      \u003c/div\u003e\n    \u003c/div\u003e\n\n    \u003cdiv class=\"video-container\"\u003e\n      \u003cvideo id=\"video\" controls muted\u003e\u003c/video\u003e\n      \u003cdiv class=\"loading\" id=\"loading\"\u003e\n        \u003cdiv class=\"spinner\"\u003e\u003c/div\u003e\n        \u003cdiv\u003e스트림 연결 중...\u003c/div\u003e\n      \u003c/div\u003e\n    \u003c/div\u003e\n\n    \u003cdiv class=\"controls\"\u003e\n      \u003cdiv class=\"input-group\"\u003e\n        \u003clabel for=\"stream-url\"\u003e🔗 HLS 스트림 URL\u003c/label\u003e\n        \u003cinput \n          type=\"text\" \n          id=\"stream-url\" \n          placeholder=\"https://your-bucket.s3.region.amazonaws.com/live/index.m3u8\"\n          value=\"\"\n        \u003e\n      \u003c/div\u003e\n\n      \u003cbutton class=\"btn\" onclick=\"loadStream()\"\u003e\n        ▶️ 스트림 시작\n      \u003c/button\u003e\n\n      \u003cdiv class=\"info\"\u003e\n        \u003cstrong\u003e📝 사용 방법:\u003c/strong\u003e\u003cbr\u003e\n        1. Terraform으로 배포한 후 \u003ccode\u003eterraform output hls_s3_url\u003c/code\u003e 명령어로 URL 확인\u003cbr\u003e\n        2. 위 입력창에 URL 붙여넣기\u003cbr\u003e\n        3. MediaLive 채널 시작 (Lambda 또는 AWS CLI)\u003cbr\u003e\n        4. Larix Broadcaster로 스트리밍 시작\u003cbr\u003e\n        5. \"스트림 시작\" 버튼 클릭\n      \u003c/div\u003e\n    \u003c/div\u003e\n\n    \u003cdiv class=\"footer\"\u003e\n      Made with ❤️ using AWS MediaLive \u0026 Terraform\n    \u003c/div\u003e\n  \u003c/div\u003e\n\n  \u003c!-- HLS.js 라이브러리 --\u003e\n  \u003cscript src=\"https://cdn.jsdelivr.net/npm/hls.js@latest\"\u003e\u003c/script\u003e\n  \n  \u003cscript\u003e\n    const video = document.getElementById('video');\n    const loading = document.getElementById('loading');\n    const status = document.getElementById('status');\n    const statusText = document.getElementById('status-text');\n    const urlInput = document.getElementById('stream-url');\n\n    // 자동 URL 설정 - 버킷명과 리전만 수정하세요!\n    const BUCKET_NAME = \"live-streaming-dev-hls-140023399909\";\n    const REGION = \"ap-northeast-2\";\n    \n    // CloudFront URL 우선, 없으면 S3 사용\n    const AUTO_STREAM_URL = typeof CLOUDFRONT_HLS_URL !== 'undefined' \n      ? CLOUDFRONT_HLS_URL \n      : `https://live-streaming-dev-hls-140023399909.s3.ap-northeast-2.amazonaws.com/live.m3u8`;\n\n    let hls = null;\n\n    // 페이지 로드 시 자동 URL 설정\n    window.addEventListener('load', () =\u003e {\n      const savedUrl = localStorage.getItem('streamUrl');\n      if (savedUrl) {\n        urlInput.value = savedUrl;\n      } else {\n        urlInput.value = AUTO_STREAM_URL; // 자동 URL 사용\n      }\n      \n      // 자동 재생 시도\n      setTimeout(() =\u003e {\n        loadStream();\n      }, 500);\n    });\n\n    function updateStatus(text, isLive = false) {\n      statusText.textContent = text;\n      if (isLive) {\n        status.classList.add('live');\n      } else {\n        status.classList.remove('live');\n      }\n    }\n\n    function loadStream() {\n      const streamUrl = urlInput.value.trim();\n      \n      if (!streamUrl) {\n        alert('스트림 URL을 입력해주세요!');\n        return;\n      }\n\n      // URL 저장\n      localStorage.setItem('streamUrl', streamUrl);\n\n      // 로딩 표시\n      loading.style.display = 'block';\n      updateStatus('연결 중...', false);\n\n      // 기존 스트림 정리\n      if (hls) {\n        hls.destroy();\n      }\n\n      // HLS.js 지원 확인\n      if (Hls.isSupported()) {\n        hls = new Hls({\n          enableWorker: true,\n          lowLatencyMode: true,\n          backBufferLength: 90\n        });\n\n        hls.loadSource(streamUrl);\n        hls.attachMedia(video);\n\n        // 이벤트 핸들러\n        hls.on(Hls.Events.MANIFEST_PARSED, function() {\n          loading.style.display = 'none';\n          updateStatus('🟢 LIVE', true);\n          video.play().catch(e =\u003e {\n            console.log('자동 재생 실패:', e);\n            updateStatus('🟡 재생 버튼을 눌러주세요', false);\n          });\n        });\n\n        hls.on(Hls.Events.ERROR, function(event, data) {\n          console.error('HLS 에러:', data);\n          \n          if (data.fatal) {\n            switch(data.type) {\n              case Hls.ErrorTypes.NETWORK_ERROR:\n                updateStatus('🔴 네트워크 오류 - 재연결 시도 중...', false);\n                hls.startLoad();\n                break;\n              case Hls.ErrorTypes.MEDIA_ERROR:\n                updateStatus('🔴 미디어 오류 - 복구 시도 중...', false);\n                hls.recoverMediaError();\n                break;\n              default:\n                updateStatus('🔴 스트림 오프라인', false);\n                hls.destroy();\n                loading.style.display = 'block';\n                break;\n            }\n          }\n        });\n\n        hls.on(Hls.Events.FRAG_LOADED, function() {\n          if (loading.style.display !== 'none') {\n            loading.style.display = 'none';\n          }\n        });\n\n      } \n      // Safari - 네이티브 HLS 지원\n      else if (video.canPlayType('application/vnd.apple.mpegurl')) {\n        video.src = streamUrl;\n        \n        video.addEventListener('loadedmetadata', function() {\n          loading.style.display = 'none';\n          updateStatus('🟢 LIVE', true);\n          video.play().catch(e =\u003e {\n            console.log('자동 재생 실패:', e);\n            updateStatus('🟡 재생 버튼을 눌러주세요', false);\n          });\n        });\n\n        video.addEventListener('error', function() {\n          updateStatus('🔴 스트림 오프라인', false);\n          loading.style.display = 'block';\n        });\n      } else {\n        alert('이 브라우저는 HLS 스트리밍을 지원하지 않습니다.');\n        loading.style.display = 'none';\n      }\n    }\n\n    // Enter 키로 스트림 로드\n    urlInput.addEventListener('keypress', function(e) {\n      if (e.key === 'Enter') {\n        loadStream();\n      }\n    });\n\n    // 비디오 재생/일시정지 이벤트\n    video.addEventListener('play', function() {\n      if (status.classList.contains('live')) {\n        updateStatus('🟢 LIVE', true);\n      }\n    });\n\n    video.addEventListener('pause', function() {\n      if (status.classList.contains('live')) {\n        updateStatus('⏸️ 일시정지', true);\n      }\n    });\n  \u003c/script\u003e\n\u003c/body\u003e\n\u003c/html\u003e\n",
            "content_base64": null,
            "content_disposition": "",
            "content_encoding": "",
            "content_language": "",
            "content_type": "text/html",
            "etag": "8c58f762575aeab23f47b2015aa764c4",
            "force_destroy": false,
            "id": "index.html",
            "key": "index.html",
            "kms_key_id": null,
            "metadata": {},
            "object_lock_legal_hold_status": "",
            "object_lock_mode": "",
            "object_lock_retain_until_date": "",
            "override_provider": [],
            "server_side_encryption": "AES256",
            "source": null,
            "source_hash": null,
            "storage_class": "STANDARD",
            "tags": {},
            "tags_all": {
              "Environment": "Development",
              "ManagedBy": "Terraform",
              "Owner": "GJJANG",
              "Project": "LiveStreaming",
              "Purpose": "Portfolio"
            },
            "version_id": "",
            "website_redirect": ""
          },
          "sensitive_attributes": [],
          "identity_schema_version": 0,
          "private": "bnVsbA==",
          "dependencies": [
            "module.storage.aws_s3_bucket.hls",
            "module.storage.aws_s3_bucket.player",
            "module.storage.data.aws_caller_identity.current"
          ]
        }
      ]
    }
  ],
  "check_results": [
    {
      "object_kind": "var",
      "config_addr": "module.medialive.var.video_quality",
      "status": "pass",
      "objects": [
        {
          "object_addr": "module.medialive.var.video_quality",
          "status": "pass"
        }
      ]
    },
    {
      "object_kind": "var",
      "config_addr": "module.medialive.var.channel_class",
      "status": "pass",
      "objects": [
        {
          "object_addr": "module.medialive.var.channel_class",
          "status": "pass"
        }
      ]
    }
  ]
}
