{
  "version": 4,
  "terraform_version": "1.14.0",
  "serial": 38,
  "lineage": "93fa3d46-67d4-e80c-5256-28c2dfb3480c",
  "outputs": {
    "archive_bucket_name": {
      "value": "live-streaming-dev-archive-140023399909",
      "type": "string"
    },
    "automation_lambda_arn": {
      "value": "arn:aws:lambda:ap-northeast-2:140023399909:function:live-streaming-dev-channel-control",
      "type": "string"
    },
    "automation_lambda_function_name": {
      "value": "live-streaming-dev-channel-control",
      "type": "string"
    },
    "check_status_command": {
      "value": "aws medialive describe-channel --channel-id 9818040 --query 'State'",
      "type": "string"
    },
    "deployment_summary": {
      "value": "  \n╔═══════════════════════════════════════════════════════════╗\n║        AWS 라이브 스트리밍 배포 완료! ✅                    ║\n╚═══════════════════════════════════════════════════════════╝\n  \n📦 생성된 리소스:\n─────────────────────────────────────────────────────────────\n✅ S3 Buckets (HLS, Archive)\n✅ MediaLive Channel (RTMP Input)\n✅ Lambda Function (자동화)\n✅ IAM Roles \u0026 Security Groups\n  \n🎬 스트리밍 시작하기:\n─────────────────────────────────────────────────────────────\n  \n1️⃣  MediaLive 채널 시작:\n    aws lambda invoke \\\\\n      --function-name live-streaming-dev-channel-control \\\\\n      --payload '{\"action\": \"start\"}' response.json\n      \n    (30초 대기...)\n  \n2️⃣  Larix Broadcaster 설정:\n    먼저 RTMP IP 확인:\n    terraform output medialive_rtmp_destinations\n      \n    Larix 설정:\n    RTMP URL: rtmp://[위_IP]:1935/stream-key-1\n    Stream Key: stream-key-1\n  \n3️⃣  재생 확인:\n    S3 Direct: https://live-streaming-dev-hls-140023399909.s3.ap-northeast-2.amazonaws.com/live/index.m3u8\n      \n    VLC로 재생:\n    vlc \"https://live-streaming-dev-hls-140023399909.s3.ap-northeast-2.amazonaws.com/live/index.m3u8\"\n  \n4️⃣  스트리밍 중지:\n    aws lambda invoke \\\\\n      --function-name live-streaming-dev-channel-control \\\\\n      --payload '{\"action\": \"stop\"}' response.json\n  \n💰 비용:\n─────────────────────────────────────────────────────────────\n현재 (채널 중지): ~$0/월\n480p 스트리밍 (1시간): ~$0.70\n  \n📚 다음 단계:\n─────────────────────────────────────────────────────────────\n- CloudFront CDN 추가 (선택사항)\n- 모니터링 Dashboard 추가 (선택사항)\n- 웹 플레이어 제작\n  \n🎉 성공!\n  \n",
      "type": "string"
    },
    "hls_bucket_name": {
      "value": "live-streaming-dev-hls-140023399909",
      "type": "string"
    },
    "hls_s3_url": {
      "value": "https://live-streaming-dev-hls-140023399909.s3.ap-northeast-2.amazonaws.com/live/index.m3u8",
      "type": "string"
    },
    "medialive_channel_id": {
      "value": "9818040",
      "type": "string"
    },
    "medialive_channel_state": {
      "value": "배포 직후: IDLE (시작 필요)",
      "type": "string"
    },
    "medialive_rtmp_destinations": {
      "value": [
        {
          "stream_name": "stream-key-1"
        }
      ],
      "type": [
        "set",
        [
          "object",
          {
            "stream_name": "string"
          }
        ]
      ]
    },
    "medialive_rtmp_url": {
      "value": "rtmp://[IP_FROM_DESTINATIONS]:1935/stream-key-1",
      "type": "string"
    },
    "start_channel_command": {
      "value": "aws lambda invoke --function-name live-streaming-dev-channel-control --payload '{\"action\": \"start\"}' response.json",
      "type": "string"
    },
    "stop_channel_command": {
      "value": "aws lambda invoke --function-name live-streaming-dev-channel-control --payload '{\"action\": \"stop\"}' response.json",
      "type": "string"
    }
  },
  "resources": [
    {
      "module": "module.automation",
      "mode": "data",
      "type": "archive_file",
      "name": "lambda_channel_control",
      "provider": "provider[\"registry.terraform.io/hashicorp/archive\"]",
      "instances": [
        {
          "schema_version": 0,
          "attributes": {
            "exclude_symlink_directories": null,
            "excludes": null,
            "id": "ca1db29bc90ce1ba4e588fbb3d05edd3fbb6038d",
            "output_base64sha256": "fMe7hhcslTY7P6rdyULYdCUc3kcCsPkwrft5CrwoLSI=",
            "output_base64sha512": "dMR7dUfLPmQ/0Fdy+smNaGxmEL6Ig9iSH6ZveZqsWoARiVk8kjMFZMWCtU2VS02BXq2cm57yROivuzDlQqfvmQ==",
            "output_file_mode": null,
            "output_md5": "8d9e589f8797b1b2df471304c0ba2052",
            "output_path": "../../modules/automation/lambda_channel_control.zip",
            "output_sha": "ca1db29bc90ce1ba4e588fbb3d05edd3fbb6038d",
            "output_sha256": "7cc7bb86172c95363b3faaddc942d874251cde4702b0f930adfb790abc282d22",
            "output_sha512": "74c47b7547cb3e643fd05772fac98d686c6610be8883d8921fa66f799aac5a801189593c92330564c582b54d954b4d815ead9c9b9ef244e8afbb30e542a7ef99",
            "output_size": 791,
            "source": [
              {
                "content": "import json\nimport boto3\nimport os\n\nmedialive = boto3.client('medialive')\nchannel_id = os.environ['CHANNEL_ID']\n\ndef lambda_handler(event, context):\n    \"\"\"\n    MediaLive 채널 시작/중지 제어\n    \"\"\"\n    action = event.get('action', 'status')\n    \n    try:\n        # 현재 상태 확인\n        response = medialive.describe_channel(ChannelId=channel_id)\n        current_state = response['State']\n        \n        print(f\"Current channel state: {current_state}\")\n        \n        if action == 'start':\n            if current_state in ['IDLE', 'STOPPED']:\n                medialive.start_channel(ChannelId=channel_id)\n                return {\n                    'statusCode': 200,\n                    'body': json.dumps({\n                        'message': 'Channel start initiated',\n                        'channelId': channel_id,\n                        'previousState': current_state\n                    })\n                }\n            else:\n                return {\n                    'statusCode': 200,\n                    'body': json.dumps({\n                        'message': f'Channel already in {current_state} state',\n                        'channelId': channel_id\n                    })\n                }\n        \n        elif action == 'stop':\n            if current_state in ['RUNNING', 'STARTING']:\n                medialive.stop_channel(ChannelId=channel_id)\n                return {\n                    'statusCode': 200,\n                    'body': json.dumps({\n                        'message': 'Channel stop initiated',\n                        'channelId': channel_id,\n                        'previousState': current_state\n                    })\n                }\n            else:\n                return {\n                    'statusCode': 200,\n                    'body': json.dumps({\n                        'message': f'Channel already in {current_state} state',\n                        'channelId': channel_id\n                    })\n                }\n        \n        else:  # status\n            return {\n                'statusCode': 200,\n                'body': json.dumps({\n                    'channelId': channel_id,\n                    'state': current_state,\n                    'arn': response['Arn'],\n                    'name': response['Name']\n                })\n            }\n    \n    except Exception as e:\n        print(f\"Error: {str(e)}\")\n        return {\n            'statusCode': 500,\n            'body': json.dumps({\n                'error': str(e),\n                'channelId': channel_id\n            })\n        }\n",
                "filename": "lambda_function.py"
              }
            ],
            "source_content": null,
            "source_content_filename": null,
            "source_dir": null,
            "source_file": null,
            "type": "zip"
          },
          "sensitive_attributes": [],
          "identity_schema_version": 0
        }
      ]
    },
    {
      "module": "module.automation",
      "mode": "managed",
      "type": "aws_cloudwatch_log_group",
      "name": "lambda",
      "provider": "provider[\"registry.terraform.io/hashicorp/aws\"]",
      "instances": [
        {
          "schema_version": 0,
          "attributes": {
            "arn": "arn:aws:logs:ap-northeast-2:140023399909:log-group:/aws/lambda/live-streaming-dev-channel-control",
            "id": "/aws/lambda/live-streaming-dev-channel-control",
            "kms_key_id": "",
            "log_group_class": "STANDARD",
            "name": "/aws/lambda/live-streaming-dev-channel-control",
            "name_prefix": "",
            "retention_in_days": 7,
            "skip_destroy": false,
            "tags": {
              "Environment": "Development",
              "ManagedBy": "Terraform",
              "Owner": "GJJANG",
              "Project": "LiveStreaming",
              "Purpose": "Portfolio"
            },
            "tags_all": {
              "Environment": "Development",
              "ManagedBy": "Terraform",
              "Owner": "GJJANG",
              "Project": "LiveStreaming",
              "Purpose": "Portfolio"
            }
          },
          "sensitive_attributes": [],
          "identity_schema_version": 0,
          "private": "bnVsbA==",
          "dependencies": [
            "module.automation.aws_lambda_function.channel_control",
            "module.automation.data.archive_file.lambda_channel_control",
            "module.iam.aws_iam_role.eventbridge",
            "module.iam.aws_iam_role.lambda",
            "module.iam.aws_iam_role.medialive",
            "module.iam.aws_iam_role_policy.eventbridge_lambda",
            "module.iam.aws_iam_role_policy.lambda_logs",
            "module.iam.aws_iam_role_policy.lambda_medialive",
            "module.iam.aws_iam_role_policy.medialive_mediapackage",
            "module.iam.aws_iam_role_policy.medialive_s3",
            "module.medialive.aws_medialive_channel.main",
            "module.medialive.aws_medialive_input.rtmp",
            "module.network.aws_medialive_input_security_group.main",
            "module.storage.aws_s3_bucket.archive",
            "module.storage.aws_s3_bucket.hls",
            "module.storage.aws_s3_bucket_cors_configuration.archive",
            "module.storage.aws_s3_bucket_cors_configuration.hls",
            "module.storage.aws_s3_bucket_lifecycle_configuration.archive",
            "module.storage.aws_s3_bucket_lifecycle_configuration.hls",
            "module.storage.aws_s3_bucket_public_access_block.archive",
            "module.storage.aws_s3_bucket_public_access_block.hls",
            "module.storage.aws_s3_bucket_server_side_encryption_configuration.archive",
            "module.storage.aws_s3_bucket_server_side_encryption_configuration.hls",
            "module.storage.aws_s3_bucket_versioning.archive",
            "module.storage.aws_s3_bucket_versioning.hls",
            "module.storage.data.aws_caller_identity.current"
          ]
        }
      ]
    },
    {
      "module": "module.automation",
      "mode": "managed",
      "type": "aws_lambda_function",
      "name": "channel_control",
      "provider": "provider[\"registry.terraform.io/hashicorp/aws\"]",
      "instances": [
        {
          "schema_version": 0,
          "attributes": {
            "architectures": [
              "x86_64"
            ],
            "arn": "arn:aws:lambda:ap-northeast-2:140023399909:function:live-streaming-dev-channel-control",
            "code_sha256": "fMe7hhcslTY7P6rdyULYdCUc3kcCsPkwrft5CrwoLSI=",
            "code_signing_config_arn": "",
            "dead_letter_config": [],
            "description": "",
            "environment": [
              {
                "variables": {
                  "CHANNEL_ID": "9818040"
                }
              }
            ],
            "ephemeral_storage": [
              {
                "size": 512
              }
            ],
            "file_system_config": [],
            "filename": "../../modules/automation/lambda_channel_control.zip",
            "function_name": "live-streaming-dev-channel-control",
            "handler": "lambda_function.lambda_handler",
            "id": "live-streaming-dev-channel-control",
            "image_config": [],
            "image_uri": "",
            "invoke_arn": "arn:aws:apigateway:ap-northeast-2:lambda:path/2015-03-31/functions/arn:aws:lambda:ap-northeast-2:140023399909:function:live-streaming-dev-channel-control/invocations",
            "kms_key_arn": "",
            "last_modified": "2025-11-22T08:52:22.016+0000",
            "layers": null,
            "logging_config": [
              {
                "application_log_level": "",
                "log_format": "Text",
                "log_group": "/aws/lambda/live-streaming-dev-channel-control",
                "system_log_level": ""
              }
            ],
            "memory_size": 128,
            "package_type": "Zip",
            "publish": false,
            "qualified_arn": "arn:aws:lambda:ap-northeast-2:140023399909:function:live-streaming-dev-channel-control:$LATEST",
            "qualified_invoke_arn": "arn:aws:apigateway:ap-northeast-2:lambda:path/2015-03-31/functions/arn:aws:lambda:ap-northeast-2:140023399909:function:live-streaming-dev-channel-control:$LATEST/invocations",
            "replace_security_groups_on_destroy": null,
            "replacement_security_group_ids": null,
            "reserved_concurrent_executions": -1,
            "role": "arn:aws:iam::140023399909:role/live-streaming-dev-lambda-role",
            "runtime": "python3.11",
            "s3_bucket": null,
            "s3_key": null,
            "s3_object_version": null,
            "signing_job_arn": "",
            "signing_profile_version_arn": "",
            "skip_destroy": false,
            "snap_start": [],
            "source_code_hash": "fMe7hhcslTY7P6rdyULYdCUc3kcCsPkwrft5CrwoLSI=",
            "source_code_size": 791,
            "tags": {
              "Environment": "Development",
              "ManagedBy": "Terraform",
              "Name": "live-streaming-dev-channel-control",
              "Owner": "GJJANG",
              "Project": "LiveStreaming",
              "Purpose": "Portfolio"
            },
            "tags_all": {
              "Environment": "Development",
              "ManagedBy": "Terraform",
              "Name": "live-streaming-dev-channel-control",
              "Owner": "GJJANG",
              "Project": "LiveStreaming",
              "Purpose": "Portfolio"
            },
            "timeout": 60,
            "timeouts": null,
            "tracing_config": [
              {
                "mode": "PassThrough"
              }
            ],
            "version": "$LATEST",
            "vpc_config": []
          },
          "sensitive_attributes": [],
          "identity_schema_version": 0,
          "private": "eyJlMmJmYjczMC1lY2FhLTExZTYtOGY4OC0zNDM2M2JjN2M0YzAiOnsiY3JlYXRlIjo2MDAwMDAwMDAwMDAsImRlbGV0ZSI6NjAwMDAwMDAwMDAwLCJ1cGRhdGUiOjYwMDAwMDAwMDAwMH19",
          "dependencies": [
            "module.automation.data.archive_file.lambda_channel_control",
            "module.iam.aws_iam_role.eventbridge",
            "module.iam.aws_iam_role.lambda",
            "module.iam.aws_iam_role.medialive",
            "module.iam.aws_iam_role_policy.eventbridge_lambda",
            "module.iam.aws_iam_role_policy.lambda_logs",
            "module.iam.aws_iam_role_policy.lambda_medialive",
            "module.iam.aws_iam_role_policy.medialive_mediapackage",
            "module.iam.aws_iam_role_policy.medialive_s3",
            "module.medialive.aws_medialive_channel.main",
            "module.medialive.aws_medialive_input.rtmp",
            "module.network.aws_medialive_input_security_group.main",
            "module.storage.aws_s3_bucket.archive",
            "module.storage.aws_s3_bucket.hls",
            "module.storage.aws_s3_bucket_cors_configuration.archive",
            "module.storage.aws_s3_bucket_cors_configuration.hls",
            "module.storage.aws_s3_bucket_lifecycle_configuration.archive",
            "module.storage.aws_s3_bucket_lifecycle_configuration.hls",
            "module.storage.aws_s3_bucket_public_access_block.archive",
            "module.storage.aws_s3_bucket_public_access_block.hls",
            "module.storage.aws_s3_bucket_server_side_encryption_configuration.archive",
            "module.storage.aws_s3_bucket_server_side_encryption_configuration.hls",
            "module.storage.aws_s3_bucket_versioning.archive",
            "module.storage.aws_s3_bucket_versioning.hls",
            "module.storage.data.aws_caller_identity.current"
          ]
        }
      ]
    },
    {
      "module": "module.iam",
      "mode": "managed",
      "type": "aws_iam_role",
      "name": "lambda",
      "provider": "provider[\"registry.terraform.io/hashicorp/aws\"]",
      "instances": [
        {
          "index_key": 0,
          "schema_version": 0,
          "attributes": {
            "arn": "arn:aws:iam::140023399909:role/live-streaming-dev-lambda-role",
            "assume_role_policy": "{\"Statement\":[{\"Action\":\"sts:AssumeRole\",\"Effect\":\"Allow\",\"Principal\":{\"Service\":\"lambda.amazonaws.com\"}}],\"Version\":\"2012-10-17\"}",
            "create_date": "2025-11-22T06:51:41Z",
            "description": "",
            "force_detach_policies": false,
            "id": "live-streaming-dev-lambda-role",
            "inline_policy": [
              {
                "name": "cloudwatch-logs",
                "policy": "{\"Version\":\"2012-10-17\",\"Statement\":[{\"Action\":[\"logs:CreateLogGroup\",\"logs:CreateLogStream\",\"logs:PutLogEvents\"],\"Effect\":\"Allow\",\"Resource\":\"arn:aws:logs:*:*:*\"}]}"
              },
              {
                "name": "medialive-control",
                "policy": "{\"Version\":\"2012-10-17\",\"Statement\":[{\"Action\":[\"medialive:StartChannel\",\"medialive:StopChannel\",\"medialive:DescribeChannel\"],\"Effect\":\"Allow\",\"Resource\":\"*\"}]}"
              }
            ],
            "managed_policy_arns": [],
            "max_session_duration": 3600,
            "name": "live-streaming-dev-lambda-role",
            "name_prefix": "",
            "path": "/",
            "permissions_boundary": "",
            "tags": {
              "Environment": "Development",
              "ManagedBy": "Terraform",
              "Name": "live-streaming-dev-lambda-role",
              "Owner": "GJJANG",
              "Project": "LiveStreaming",
              "Purpose": "Portfolio"
            },
            "tags_all": {
              "Environment": "Development",
              "ManagedBy": "Terraform",
              "Name": "live-streaming-dev-lambda-role",
              "Owner": "GJJANG",
              "Project": "LiveStreaming",
              "Purpose": "Portfolio"
            },
            "unique_id": "AROASBGQLQXSXQFLQUU5A"
          },
          "sensitive_attributes": [],
          "identity_schema_version": 0,
          "private": "bnVsbA==",
          "dependencies": [
            "module.storage.aws_s3_bucket.archive",
            "module.storage.aws_s3_bucket.hls",
            "module.storage.aws_s3_bucket_cors_configuration.archive",
            "module.storage.aws_s3_bucket_cors_configuration.hls",
            "module.storage.aws_s3_bucket_lifecycle_configuration.archive",
            "module.storage.aws_s3_bucket_lifecycle_configuration.hls",
            "module.storage.aws_s3_bucket_public_access_block.archive",
            "module.storage.aws_s3_bucket_public_access_block.hls",
            "module.storage.aws_s3_bucket_server_side_encryption_configuration.archive",
            "module.storage.aws_s3_bucket_server_side_encryption_configuration.hls",
            "module.storage.aws_s3_bucket_versioning.archive",
            "module.storage.aws_s3_bucket_versioning.hls",
            "module.storage.data.aws_caller_identity.current"
          ]
        }
      ]
    },
    {
      "module": "module.iam",
      "mode": "managed",
      "type": "aws_iam_role",
      "name": "medialive",
      "provider": "provider[\"registry.terraform.io/hashicorp/aws\"]",
      "instances": [
        {
          "schema_version": 0,
          "attributes": {
            "arn": "arn:aws:iam::140023399909:role/live-streaming-dev-medialive-role",
            "assume_role_policy": "{\"Statement\":[{\"Action\":\"sts:AssumeRole\",\"Effect\":\"Allow\",\"Principal\":{\"Service\":\"medialive.amazonaws.com\"}}],\"Version\":\"2012-10-17\"}",
            "create_date": "2025-11-22T06:51:41Z",
            "description": "",
            "force_detach_policies": false,
            "id": "live-streaming-dev-medialive-role",
            "inline_policy": [
              {
                "name": "mediapackage-access",
                "policy": "{\"Version\":\"2012-10-17\",\"Statement\":[{\"Action\":[\"mediapackage:DescribeChannel\"],\"Effect\":\"Allow\",\"Resource\":\"*\"}]}"
              },
              {
                "name": "s3-access",
                "policy": "{\"Version\":\"2012-10-17\",\"Statement\":[{\"Action\":[\"s3:PutObject\",\"s3:GetObject\",\"s3:ListBucket\",\"s3:GetBucketLocation\"],\"Effect\":\"Allow\",\"Resource\":[\"arn:aws:s3:::live-streaming-dev-archive-140023399909\",\"arn:aws:s3:::live-streaming-dev-archive-140023399909/*\"]}]}"
              }
            ],
            "managed_policy_arns": [],
            "max_session_duration": 3600,
            "name": "live-streaming-dev-medialive-role",
            "name_prefix": "",
            "path": "/",
            "permissions_boundary": "",
            "tags": {
              "Environment": "Development",
              "ManagedBy": "Terraform",
              "Name": "live-streaming-dev-medialive-role",
              "Owner": "GJJANG",
              "Project": "LiveStreaming",
              "Purpose": "Portfolio"
            },
            "tags_all": {
              "Environment": "Development",
              "ManagedBy": "Terraform",
              "Name": "live-streaming-dev-medialive-role",
              "Owner": "GJJANG",
              "Project": "LiveStreaming",
              "Purpose": "Portfolio"
            },
            "unique_id": "AROASBGQLQXSRW4VEFCC3"
          },
          "sensitive_attributes": [],
          "identity_schema_version": 0,
          "private": "bnVsbA==",
          "dependencies": [
            "module.storage.aws_s3_bucket.archive",
            "module.storage.aws_s3_bucket.hls",
            "module.storage.aws_s3_bucket_cors_configuration.archive",
            "module.storage.aws_s3_bucket_cors_configuration.hls",
            "module.storage.aws_s3_bucket_lifecycle_configuration.archive",
            "module.storage.aws_s3_bucket_lifecycle_configuration.hls",
            "module.storage.aws_s3_bucket_public_access_block.archive",
            "module.storage.aws_s3_bucket_public_access_block.hls",
            "module.storage.aws_s3_bucket_server_side_encryption_configuration.archive",
            "module.storage.aws_s3_bucket_server_side_encryption_configuration.hls",
            "module.storage.aws_s3_bucket_versioning.archive",
            "module.storage.aws_s3_bucket_versioning.hls",
            "module.storage.data.aws_caller_identity.current"
          ]
        }
      ]
    },
    {
      "module": "module.iam",
      "mode": "managed",
      "type": "aws_iam_role_policy",
      "name": "lambda_logs",
      "provider": "provider[\"registry.terraform.io/hashicorp/aws\"]",
      "instances": [
        {
          "index_key": 0,
          "schema_version": 0,
          "attributes": {
            "id": "live-streaming-dev-lambda-role:cloudwatch-logs",
            "name": "cloudwatch-logs",
            "name_prefix": "",
            "policy": "{\"Version\":\"2012-10-17\",\"Statement\":[{\"Action\":[\"logs:CreateLogGroup\",\"logs:CreateLogStream\",\"logs:PutLogEvents\"],\"Effect\":\"Allow\",\"Resource\":\"arn:aws:logs:*:*:*\"}]}",
            "role": "live-streaming-dev-lambda-role"
          },
          "sensitive_attributes": [],
          "identity_schema_version": 0,
          "private": "bnVsbA==",
          "dependencies": [
            "module.iam.aws_iam_role.lambda",
            "module.storage.aws_s3_bucket.archive",
            "module.storage.aws_s3_bucket.hls",
            "module.storage.aws_s3_bucket_cors_configuration.archive",
            "module.storage.aws_s3_bucket_cors_configuration.hls",
            "module.storage.aws_s3_bucket_lifecycle_configuration.archive",
            "module.storage.aws_s3_bucket_lifecycle_configuration.hls",
            "module.storage.aws_s3_bucket_public_access_block.archive",
            "module.storage.aws_s3_bucket_public_access_block.hls",
            "module.storage.aws_s3_bucket_server_side_encryption_configuration.archive",
            "module.storage.aws_s3_bucket_server_side_encryption_configuration.hls",
            "module.storage.aws_s3_bucket_versioning.archive",
            "module.storage.aws_s3_bucket_versioning.hls",
            "module.storage.data.aws_caller_identity.current"
          ]
        }
      ]
    },
    {
      "module": "module.iam",
      "mode": "managed",
      "type": "aws_iam_role_policy",
      "name": "lambda_medialive",
      "provider": "provider[\"registry.terraform.io/hashicorp/aws\"]",
      "instances": [
        {
          "index_key": 0,
          "schema_version": 0,
          "attributes": {
            "id": "live-streaming-dev-lambda-role:medialive-control",
            "name": "medialive-control",
            "name_prefix": "",
            "policy": "{\"Version\":\"2012-10-17\",\"Statement\":[{\"Action\":[\"medialive:StartChannel\",\"medialive:StopChannel\",\"medialive:DescribeChannel\"],\"Effect\":\"Allow\",\"Resource\":\"*\"}]}",
            "role": "live-streaming-dev-lambda-role"
          },
          "sensitive_attributes": [],
          "identity_schema_version": 0,
          "private": "bnVsbA==",
          "dependencies": [
            "module.iam.aws_iam_role.lambda",
            "module.storage.aws_s3_bucket.archive",
            "module.storage.aws_s3_bucket.hls",
            "module.storage.aws_s3_bucket_cors_configuration.archive",
            "module.storage.aws_s3_bucket_cors_configuration.hls",
            "module.storage.aws_s3_bucket_lifecycle_configuration.archive",
            "module.storage.aws_s3_bucket_lifecycle_configuration.hls",
            "module.storage.aws_s3_bucket_public_access_block.archive",
            "module.storage.aws_s3_bucket_public_access_block.hls",
            "module.storage.aws_s3_bucket_server_side_encryption_configuration.archive",
            "module.storage.aws_s3_bucket_server_side_encryption_configuration.hls",
            "module.storage.aws_s3_bucket_versioning.archive",
            "module.storage.aws_s3_bucket_versioning.hls",
            "module.storage.data.aws_caller_identity.current"
          ]
        }
      ]
    },
    {
      "module": "module.iam",
      "mode": "managed",
      "type": "aws_iam_role_policy",
      "name": "medialive_mediapackage",
      "provider": "provider[\"registry.terraform.io/hashicorp/aws\"]",
      "instances": [
        {
          "schema_version": 0,
          "attributes": {
            "id": "live-streaming-dev-medialive-role:mediapackage-access",
            "name": "mediapackage-access",
            "name_prefix": "",
            "policy": "{\"Version\":\"2012-10-17\",\"Statement\":[{\"Action\":[\"mediapackage:DescribeChannel\"],\"Effect\":\"Allow\",\"Resource\":\"*\"}]}",
            "role": "live-streaming-dev-medialive-role"
          },
          "sensitive_attributes": [],
          "identity_schema_version": 0,
          "private": "bnVsbA==",
          "dependencies": [
            "module.iam.aws_iam_role.medialive",
            "module.storage.aws_s3_bucket.archive",
            "module.storage.aws_s3_bucket.hls",
            "module.storage.aws_s3_bucket_cors_configuration.archive",
            "module.storage.aws_s3_bucket_cors_configuration.hls",
            "module.storage.aws_s3_bucket_lifecycle_configuration.archive",
            "module.storage.aws_s3_bucket_lifecycle_configuration.hls",
            "module.storage.aws_s3_bucket_public_access_block.archive",
            "module.storage.aws_s3_bucket_public_access_block.hls",
            "module.storage.aws_s3_bucket_server_side_encryption_configuration.archive",
            "module.storage.aws_s3_bucket_server_side_encryption_configuration.hls",
            "module.storage.aws_s3_bucket_versioning.archive",
            "module.storage.aws_s3_bucket_versioning.hls",
            "module.storage.data.aws_caller_identity.current"
          ]
        }
      ]
    },
    {
      "module": "module.iam",
      "mode": "managed",
      "type": "aws_iam_role_policy",
      "name": "medialive_s3",
      "provider": "provider[\"registry.terraform.io/hashicorp/aws\"]",
      "instances": [
        {
          "schema_version": 0,
          "attributes": {
            "id": "live-streaming-dev-medialive-role:s3-access",
            "name": "s3-access",
            "name_prefix": "",
            "policy": "{\"Version\":\"2012-10-17\",\"Statement\":[{\"Action\":[\"s3:PutObject\",\"s3:GetObject\",\"s3:ListBucket\",\"s3:GetBucketLocation\"],\"Effect\":\"Allow\",\"Resource\":[\"arn:aws:s3:::live-streaming-dev-archive-140023399909\",\"arn:aws:s3:::live-streaming-dev-archive-140023399909/*\"]}]}",
            "role": "live-streaming-dev-medialive-role"
          },
          "sensitive_attributes": [],
          "identity_schema_version": 0,
          "private": "bnVsbA==",
          "dependencies": [
            "module.iam.aws_iam_role.medialive",
            "module.storage.aws_s3_bucket.archive",
            "module.storage.aws_s3_bucket.hls",
            "module.storage.aws_s3_bucket_cors_configuration.archive",
            "module.storage.aws_s3_bucket_cors_configuration.hls",
            "module.storage.aws_s3_bucket_lifecycle_configuration.archive",
            "module.storage.aws_s3_bucket_lifecycle_configuration.hls",
            "module.storage.aws_s3_bucket_public_access_block.archive",
            "module.storage.aws_s3_bucket_public_access_block.hls",
            "module.storage.aws_s3_bucket_server_side_encryption_configuration.archive",
            "module.storage.aws_s3_bucket_server_side_encryption_configuration.hls",
            "module.storage.aws_s3_bucket_versioning.archive",
            "module.storage.aws_s3_bucket_versioning.hls",
            "module.storage.data.aws_caller_identity.current"
          ]
        }
      ]
    },
    {
      "module": "module.medialive",
      "mode": "managed",
      "type": "aws_medialive_channel",
      "name": "main",
      "provider": "provider[\"registry.terraform.io/hashicorp/aws\"]",
      "instances": [
        {
          "schema_version": 0,
          "attributes": {
            "arn": "arn:aws:medialive:ap-northeast-2:140023399909:channel:9818040",
            "cdi_input_specification": [],
            "channel_class": "SINGLE_PIPELINE",
            "channel_id": "9818040",
            "destinations": [
              {
                "id": "s3-archive",
                "media_package_settings": [],
                "multiplex_settings": [],
                "settings": [
                  {
                    "password_param": "",
                    "stream_name": "",
                    "url": "s3://live-streaming-dev-archive-140023399909/archive",
                    "username": ""
                  }
                ]
              },
              {
                "id": "s3-hls",
                "media_package_settings": [],
                "multiplex_settings": [],
                "settings": [
                  {
                    "password_param": "",
                    "stream_name": "",
                    "url": "s3://live-streaming-dev-hls-140023399909/live",
                    "username": ""
                  }
                ]
              }
            ],
            "encoder_settings": [
              {
                "audio_descriptions": [
                  {
                    "audio_normalization_settings": [],
                    "audio_selector_name": "default",
                    "audio_type": "",
                    "audio_type_control": "",
                    "audio_watermark_settings": [],
                    "codec_settings": [
                      {
                        "aac_settings": [
                          {
                            "bitrate": 128000,
                            "coding_mode": "CODING_MODE_2_0",
                            "input_type": "NORMAL",
                            "profile": "LC",
                            "rate_control_mode": "CBR",
                            "raw_format": "",
                            "sample_rate": 48000,
                            "spec": "MPEG4",
                            "vbr_quality": ""
                          }
                        ],
                        "ac3_settings": [],
                        "eac3_atmos_settings": [],
                        "eac3_settings": [],
                        "mp2_settings": [],
                        "pass_through_settings": [],
                        "wav_settings": []
                      }
                    ],
                    "language_code": "",
                    "language_code_control": "",
                    "name": "audio_1",
                    "remix_settings": [],
                    "stream_name": ""
                  }
                ],
                "avail_blanking": [],
                "caption_descriptions": [],
                "global_configuration": [],
                "motion_graphics_configuration": [],
                "nielsen_configuration": [],
                "output_groups": [
                  {
                    "name": "S3_HLS",
                    "output_group_settings": [
                      {
                        "archive_group_settings": [],
                        "frame_capture_group_settings": [],
                        "hls_group_settings": [
                          {
                            "ad_markers": [],
                            "base_url_content": "",
                            "base_url_content1": "",
                            "base_url_manifest": "",
                            "base_url_manifest1": "",
                            "caption_language_mappings": [],
                            "caption_language_setting": "OMIT",
                            "client_cache": "ENABLED",
                            "codec_specification": "RFC_4281",
                            "constant_iv": "",
                            "destination": [
                              {
                                "destination_ref_id": "s3-hls"
                              }
                            ],
                            "directory_structure": "SINGLE_DIRECTORY",
                            "discontinuity_tags": "",
                            "encryption_type": "",
                            "hls_cdn_settings": [
                              {
                                "hls_akamai_settings": [],
                                "hls_basic_put_settings": [
                                  {
                                    "connection_retry_interval": 1,
                                    "filecache_duration": 300,
                                    "num_retries": 10,
                                    "restart_delay": 15
                                  }
                                ],
                                "hls_media_store_settings": [],
                                "hls_s3_settings": [],
                                "hls_webdav_settings": []
                              }
                            ],
                            "hls_id3_segment_tagging": "DISABLED",
                            "iframe_only_playlists": "",
                            "incomplete_segment_behavior": "",
                            "index_n_segments": 10,
                            "input_loss_action": "EMIT_OUTPUT",
                            "iv_in_manifest": "INCLUDE",
                            "iv_source": "FOLLOWS_SEGMENT_NUMBER",
                            "keep_segments": 21,
                            "key_format": "",
                            "key_format_versions": "",
                            "key_provider_settings": [],
                            "manifest_compression": "NONE",
                            "manifest_duration_format": "FLOATING_POINT",
                            "min_segment_length": 0,
                            "mode": "LIVE",
                            "output_selection": "MANIFESTS_AND_SEGMENTS",
                            "program_date_time": "INCLUDE",
                            "program_date_time_clock": "",
                            "program_date_time_period": 600,
                            "redundant_manifest": "DISABLED",
                            "segment_length": 6,
                            "segments_per_subdirectory": 10000,
                            "stream_inf_resolution": "INCLUDE",
                            "timed_metadata_id3_frame": "PRIV",
                            "timed_metadata_id3_period": 10,
                            "timestamp_delta_milliseconds": 0,
                            "ts_file_mode": "SEGMENTED_FILES"
                          }
                        ],
                        "media_package_group_settings": [],
                        "ms_smooth_group_settings": [],
                        "multiplex_group_settings": [],
                        "rtmp_group_settings": [],
                        "udp_group_settings": []
                      }
                    ],
                    "outputs": [
                      {
                        "audio_description_names": [
                          "audio_1"
                        ],
                        "caption_description_names": [],
                        "output_name": "480p",
                        "output_settings": [
                          {
                            "archive_output_settings": [],
                            "frame_capture_output_settings": [],
                            "hls_output_settings": [
                              {
                                "h265_packaging_type": "",
                                "hls_settings": [
                                  {
                                    "audio_only_hls_settings": [],
                                    "fmp4_hls_settings": [],
                                    "frame_capture_hls_settings": [],
                                    "standard_hls_settings": [
                                      {
                                        "audio_rendition_sets": "PROGRAM_AUDIO",
                                        "m3u8_settings": [
                                          {
                                            "audio_frames_per_pes": 4,
                                            "audio_pids": "492",
                                            "ecm_pid": "",
                                            "nielsen_id3_behavior": "NO_PASSTHROUGH",
                                            "pat_interval": 0,
                                            "pcr_control": "PCR_EVERY_PES_PACKET",
                                            "pcr_period": 80,
                                            "pcr_pid": "",
                                            "pmt_interval": 0,
                                            "pmt_pid": "480",
                                            "program_num": 1,
                                            "scte35_behavior": "NO_PASSTHROUGH",
                                            "scte35_pid": "",
                                            "timed_metadata_behavior": "NO_PASSTHROUGH",
                                            "timed_metadata_pid": "",
                                            "transport_stream_id": 0,
                                            "video_pid": "481"
                                          }
                                        ]
                                      }
                                    ]
                                  }
                                ],
                                "name_modifier": "-480p",
                                "segment_modifier": ""
                              }
                            ],
                            "media_package_output_settings": [],
                            "ms_smooth_output_settings": [],
                            "multiplex_output_settings": [],
                            "rtmp_output_settings": [],
                            "udp_output_settings": []
                          }
                        ],
                        "video_description_name": "video_480p"
                      }
                    ]
                  },
                  {
                    "name": "S3_ARCHIVE",
                    "output_group_settings": [
                      {
                        "archive_group_settings": [
                          {
                            "archive_cdn_settings": [],
                            "destination": [
                              {
                                "destination_ref_id": "s3-archive"
                              }
                            ],
                            "rollover_interval": 3600
                          }
                        ],
                        "frame_capture_group_settings": [],
                        "hls_group_settings": [],
                        "media_package_group_settings": [],
                        "ms_smooth_group_settings": [],
                        "multiplex_group_settings": [],
                        "rtmp_group_settings": [],
                        "udp_group_settings": []
                      }
                    ],
                    "outputs": [
                      {
                        "audio_description_names": [
                          "audio_1"
                        ],
                        "caption_description_names": [],
                        "output_name": "archive",
                        "output_settings": [
                          {
                            "archive_output_settings": [
                              {
                                "container_settings": [
                                  {
                                    "m2ts_settings": [
                                      {
                                        "absent_input_audio_behavior": "",
                                        "arib": "",
                                        "arib_captions_pid": "",
                                        "arib_captions_pid_control": "",
                                        "audio_buffer_model": "ATSC",
                                        "audio_frames_per_pes": 2,
                                        "audio_pids": "482",
                                        "audio_stream_type": "",
                                        "bitrate": 0,
                                        "buffer_model": "MULTIPLEX",
                                        "cc_descriptor": "",
                                        "dvb_nit_settings": [],
                                        "dvb_sdt_settings": [],
                                        "dvb_sub_pids": "",
                                        "dvb_tdt_settings": [],
                                        "dvb_teletext_pid": "",
                                        "ebif": "",
                                        "ebp_audio_interval": "",
                                        "ebp_lookahead_ms": 0,
                                        "ebp_placement": "",
                                        "ecm_pid": "",
                                        "es_rate_in_pes": "",
                                        "etv_platform_pid": "",
                                        "etv_signal_pid": "",
                                        "fragment_time": 0,
                                        "klv": "",
                                        "klv_data_pids": "",
                                        "nielsen_id3_behavior": "",
                                        "null_packet_bitrate": 0,
                                        "pat_interval": 100,
                                        "pcr_control": "PCR_EVERY_PES_PACKET",
                                        "pcr_period": 40,
                                        "pcr_pid": "",
                                        "pmt_interval": 100,
                                        "pmt_pid": "480",
                                        "program_num": 1,
                                        "rate_mode": "CBR",
                                        "scte27_pids": "",
                                        "scte35_control": "",
                                        "scte35_pid": "",
                                        "segmentation_markers": "",
                                        "segmentation_style": "",
                                        "segmentation_time": 0,
                                        "timed_metadata_behavior": "",
                                        "timed_metadata_pid": "",
                                        "transport_stream_id": 0,
                                        "video_pid": "481"
                                      }
                                    ],
                                    "raw_settings": []
                                  }
                                ],
                                "extension": "",
                                "name_modifier": "_archive"
                              }
                            ],
                            "frame_capture_output_settings": [],
                            "hls_output_settings": [],
                            "media_package_output_settings": [],
                            "ms_smooth_output_settings": [],
                            "multiplex_output_settings": [],
                            "rtmp_output_settings": [],
                            "udp_output_settings": []
                          }
                        ],
                        "video_description_name": "video_480p"
                      }
                    ]
                  }
                ],
                "timecode_config": [
                  {
                    "source": "EMBEDDED",
                    "sync_threshold": 0
                  }
                ],
                "video_descriptions": [
                  {
                    "codec_settings": [
                      {
                        "frame_capture_settings": [],
                        "h264_settings": [
                          {
                            "adaptive_quantization": "HIGH",
                            "afd_signaling": "",
                            "bitrate": 1500000,
                            "buf_fill_pct": 0,
                            "buf_size": 0,
                            "color_metadata": "",
                            "entropy_encoding": "",
                            "filter_settings": [],
                            "fixed_afd": "",
                            "flicker_aq": "",
                            "force_field_pictures": "",
                            "framerate_control": "SPECIFIED",
                            "framerate_denominator": 1,
                            "framerate_numerator": 30,
                            "gop_b_reference": "DISABLED",
                            "gop_closed_cadence": 1,
                            "gop_num_b_frames": 2,
                            "gop_size": 60,
                            "gop_size_units": "FRAMES",
                            "level": "H264_LEVEL_AUTO",
                            "look_ahead_rate_control": "HIGH",
                            "max_bitrate": 0,
                            "min_i_interval": 0,
                            "num_ref_frames": 1,
                            "par_control": "SPECIFIED",
                            "par_denominator": 0,
                            "par_numerator": 0,
                            "profile": "HIGH",
                            "quality_level": "",
                            "qvbr_quality_level": 0,
                            "rate_control_mode": "CBR",
                            "scan_type": "PROGRESSIVE",
                            "scene_change_detect": "ENABLED",
                            "slices": 0,
                            "softness": 0,
                            "spatial_aq": "",
                            "subgop_length": "",
                            "syntax": "DEFAULT",
                            "temporal_aq": "",
                            "timecode_insertion": ""
                          }
                        ],
                        "h265_settings": []
                      }
                    ],
                    "height": 480,
                    "name": "video_480p",
                    "respond_to_afd": "",
                    "scaling_behavior": "",
                    "sharpness": 0,
                    "width": 854
                  }
                ]
              }
            ],
            "id": "9818040",
            "input_attachments": [
              {
                "automatic_input_failover_settings": [],
                "input_attachment_name": "main-input",
                "input_id": "4772462",
                "input_settings": []
              }
            ],
            "input_specification": [
              {
                "codec": "AVC",
                "input_resolution": "SD",
                "maximum_bitrate": "MAX_10_MBPS"
              }
            ],
            "log_level": "DISABLED",
            "maintenance": [
              {
                "maintenance_day": "TUESDAY",
                "maintenance_start_time": "21:00"
              }
            ],
            "name": "live-streaming-dev-channel",
            "role_arn": "arn:aws:iam::140023399909:role/live-streaming-dev-medialive-role",
            "start_channel": false,
            "tags": {
              "Environment": "Development",
              "ManagedBy": "Terraform",
              "Name": "live-streaming-dev-channel",
              "Owner": "GJJANG",
              "Project": "LiveStreaming",
              "Purpose": "Portfolio"
            },
            "tags_all": {
              "Environment": "Development",
              "ManagedBy": "Terraform",
              "Name": "live-streaming-dev-channel",
              "Owner": "GJJANG",
              "Project": "LiveStreaming",
              "Purpose": "Portfolio"
            },
            "timeouts": null,
            "vpc": []
          },
          "sensitive_attributes": [],
          "identity_schema_version": 0,
          "private": "eyJlMmJmYjczMC1lY2FhLTExZTYtOGY4OC0zNDM2M2JjN2M0YzAiOnsiY3JlYXRlIjo5MDAwMDAwMDAwMDAsImRlbGV0ZSI6OTAwMDAwMDAwMDAwLCJ1cGRhdGUiOjkwMDAwMDAwMDAwMH19",
          "dependencies": [
            "module.iam.aws_iam_role.eventbridge",
            "module.iam.aws_iam_role.lambda",
            "module.iam.aws_iam_role.medialive",
            "module.iam.aws_iam_role_policy.eventbridge_lambda",
            "module.iam.aws_iam_role_policy.lambda_logs",
            "module.iam.aws_iam_role_policy.lambda_medialive",
            "module.iam.aws_iam_role_policy.medialive_mediapackage",
            "module.iam.aws_iam_role_policy.medialive_s3",
            "module.medialive.aws_medialive_input.rtmp",
            "module.network.aws_medialive_input_security_group.main",
            "module.storage.aws_s3_bucket.archive",
            "module.storage.aws_s3_bucket.hls",
            "module.storage.aws_s3_bucket_cors_configuration.archive",
            "module.storage.aws_s3_bucket_cors_configuration.hls",
            "module.storage.aws_s3_bucket_lifecycle_configuration.archive",
            "module.storage.aws_s3_bucket_lifecycle_configuration.hls",
            "module.storage.aws_s3_bucket_public_access_block.archive",
            "module.storage.aws_s3_bucket_public_access_block.hls",
            "module.storage.aws_s3_bucket_server_side_encryption_configuration.archive",
            "module.storage.aws_s3_bucket_server_side_encryption_configuration.hls",
            "module.storage.aws_s3_bucket_versioning.archive",
            "module.storage.aws_s3_bucket_versioning.hls",
            "module.storage.data.aws_caller_identity.current"
          ]
        }
      ]
    },
    {
      "module": "module.medialive",
      "mode": "managed",
      "type": "aws_medialive_input",
      "name": "rtmp",
      "provider": "provider[\"registry.terraform.io/hashicorp/aws\"]",
      "instances": [
        {
          "schema_version": 0,
          "attributes": {
            "arn": "arn:aws:medialive:ap-northeast-2:140023399909:input:4772462",
            "attached_channels": [],
            "destinations": [
              {
                "stream_name": "stream-key-1"
              }
            ],
            "id": "4772462",
            "input_class": "SINGLE_PIPELINE",
            "input_devices": [],
            "input_partner_ids": [],
            "input_security_groups": [
              "5855829"
            ],
            "input_source_type": "STATIC",
            "media_connect_flows": [],
            "name": "live-streaming-dev-rtmp-input",
            "role_arn": "",
            "sources": [],
            "tags": {
              "Environment": "Development",
              "ManagedBy": "Terraform",
              "Name": "live-streaming-dev-rtmp-input",
              "Owner": "GJJANG",
              "Project": "LiveStreaming",
              "Purpose": "Portfolio"
            },
            "tags_all": {
              "Environment": "Development",
              "ManagedBy": "Terraform",
              "Name": "live-streaming-dev-rtmp-input",
              "Owner": "GJJANG",
              "Project": "LiveStreaming",
              "Purpose": "Portfolio"
            },
            "timeouts": null,
            "type": "RTMP_PUSH",
            "vpc": []
          },
          "sensitive_attributes": [],
          "identity_schema_version": 0,
          "private": "eyJlMmJmYjczMC1lY2FhLTExZTYtOGY4OC0zNDM2M2JjN2M0YzAiOnsiY3JlYXRlIjoxODAwMDAwMDAwMDAwLCJkZWxldGUiOjE4MDAwMDAwMDAwMDAsInVwZGF0ZSI6MTgwMDAwMDAwMDAwMH19",
          "dependencies": [
            "module.iam.aws_iam_role.eventbridge",
            "module.iam.aws_iam_role.lambda",
            "module.iam.aws_iam_role.medialive",
            "module.iam.aws_iam_role_policy.eventbridge_lambda",
            "module.iam.aws_iam_role_policy.lambda_logs",
            "module.iam.aws_iam_role_policy.lambda_medialive",
            "module.iam.aws_iam_role_policy.medialive_mediapackage",
            "module.iam.aws_iam_role_policy.medialive_s3",
            "module.network.aws_medialive_input_security_group.main",
            "module.storage.aws_s3_bucket.archive",
            "module.storage.aws_s3_bucket.hls",
            "module.storage.aws_s3_bucket_cors_configuration.archive",
            "module.storage.aws_s3_bucket_cors_configuration.hls",
            "module.storage.aws_s3_bucket_lifecycle_configuration.archive",
            "module.storage.aws_s3_bucket_lifecycle_configuration.hls",
            "module.storage.aws_s3_bucket_public_access_block.archive",
            "module.storage.aws_s3_bucket_public_access_block.hls",
            "module.storage.aws_s3_bucket_server_side_encryption_configuration.archive",
            "module.storage.aws_s3_bucket_server_side_encryption_configuration.hls",
            "module.storage.aws_s3_bucket_versioning.archive",
            "module.storage.aws_s3_bucket_versioning.hls",
            "module.storage.data.aws_caller_identity.current"
          ]
        }
      ]
    },
    {
      "module": "module.network",
      "mode": "data",
      "type": "aws_subnets",
      "name": "default",
      "provider": "provider[\"registry.terraform.io/hashicorp/aws\"]",
      "instances": [
        {
          "index_key": 0,
          "schema_version": 0,
          "attributes": {
            "filter": [
              {
                "name": "vpc-id",
                "values": [
                  "vpc-0eb67e1d65ec5f2fa"
                ]
              }
            ],
            "id": "ap-northeast-2",
            "ids": [
              "subnet-038ed0eb5d4eb99c1",
              "subnet-093f5f076d374c19b",
              "subnet-01f8b1f3f836dad7b",
              "subnet-0267a62c219f4dc7d"
            ],
            "tags": null,
            "timeouts": null
          },
          "sensitive_attributes": [],
          "identity_schema_version": 0
        }
      ]
    },
    {
      "module": "module.network",
      "mode": "data",
      "type": "aws_vpc",
      "name": "default",
      "provider": "provider[\"registry.terraform.io/hashicorp/aws\"]",
      "instances": [
        {
          "index_key": 0,
          "schema_version": 0,
          "attributes": {
            "arn": "arn:aws:ec2:ap-northeast-2:140023399909:vpc/vpc-0eb67e1d65ec5f2fa",
            "cidr_block": "172.31.0.0/16",
            "cidr_block_associations": [
              {
                "association_id": "vpc-cidr-assoc-0cf7a1da1b12b9477",
                "cidr_block": "172.31.0.0/16",
                "state": "associated"
              }
            ],
            "default": true,
            "dhcp_options_id": "dopt-0fcde9fcbe4bcb833",
            "enable_dns_hostnames": true,
            "enable_dns_support": true,
            "enable_network_address_usage_metrics": false,
            "filter": null,
            "id": "vpc-0eb67e1d65ec5f2fa",
            "instance_tenancy": "default",
            "ipv6_association_id": "",
            "ipv6_cidr_block": "",
            "main_route_table_id": "rtb-0c071a6df667312f2",
            "owner_id": "140023399909",
            "state": null,
            "tags": {},
            "timeouts": null
          },
          "sensitive_attributes": [],
          "identity_schema_version": 0
        }
      ]
    },
    {
      "module": "module.network",
      "mode": "managed",
      "type": "aws_medialive_input_security_group",
      "name": "main",
      "provider": "provider[\"registry.terraform.io/hashicorp/aws\"]",
      "instances": [
        {
          "schema_version": 0,
          "attributes": {
            "arn": "arn:aws:medialive:ap-northeast-2:140023399909:inputSecurityGroup:5855829",
            "id": "5855829",
            "inputs": [],
            "tags": {
              "Environment": "Development",
              "ManagedBy": "Terraform",
              "Name": "live-streaming-dev-medialive-input-sg",
              "Owner": "GJJANG",
              "Project": "LiveStreaming",
              "Purpose": "Portfolio"
            },
            "tags_all": {
              "Environment": "Development",
              "ManagedBy": "Terraform",
              "Name": "live-streaming-dev-medialive-input-sg",
              "Owner": "GJJANG",
              "Project": "LiveStreaming",
              "Purpose": "Portfolio"
            },
            "timeouts": null,
            "whitelist_rules": [
              {
                "cidr": "0.0.0.0/0"
              }
            ]
          },
          "sensitive_attributes": [],
          "identity_schema_version": 0,
          "private": "eyJlMmJmYjczMC1lY2FhLTExZTYtOGY4OC0zNDM2M2JjN2M0YzAiOnsiY3JlYXRlIjozMDAwMDAwMDAwMDAsImRlbGV0ZSI6MzAwMDAwMDAwMDAwLCJ1cGRhdGUiOjMwMDAwMDAwMDAwMH19"
        }
      ]
    },
    {
      "module": "module.storage",
      "mode": "data",
      "type": "aws_caller_identity",
      "name": "current",
      "provider": "provider[\"registry.terraform.io/hashicorp/aws\"]",
      "instances": [
        {
          "schema_version": 0,
          "attributes": {
            "account_id": "140023399909",
            "arn": "arn:aws:iam::140023399909:user/admin",
            "id": "140023399909",
            "user_id": "AIDASBGQLQXSYQVNB5CSC"
          },
          "sensitive_attributes": [],
          "identity_schema_version": 0
        }
      ]
    },
    {
      "module": "module.storage",
      "mode": "managed",
      "type": "aws_s3_bucket",
      "name": "archive",
      "provider": "provider[\"registry.terraform.io/hashicorp/aws\"]",
      "instances": [
        {
          "schema_version": 0,
          "attributes": {
            "acceleration_status": "",
            "acl": null,
            "arn": "arn:aws:s3:::live-streaming-dev-archive-140023399909",
            "bucket": "live-streaming-dev-archive-140023399909",
            "bucket_domain_name": "live-streaming-dev-archive-140023399909.s3.amazonaws.com",
            "bucket_prefix": "",
            "bucket_regional_domain_name": "live-streaming-dev-archive-140023399909.s3.ap-northeast-2.amazonaws.com",
            "cors_rule": [
              {
                "allowed_headers": [
                  "*"
                ],
                "allowed_methods": [
                  "GET",
                  "HEAD"
                ],
                "allowed_origins": [
                  "*"
                ],
                "expose_headers": [
                  "ETag"
                ],
                "max_age_seconds": 3000
              }
            ],
            "force_destroy": false,
            "grant": [
              {
                "id": "28352ba6bf7a694e9f03d085be175bfa27c0e0ac92809e315f3ae99d0ac9792c",
                "permissions": [
                  "FULL_CONTROL"
                ],
                "type": "CanonicalUser",
                "uri": ""
              }
            ],
            "hosted_zone_id": "Z3W03O7B5YMIYP",
            "id": "live-streaming-dev-archive-140023399909",
            "lifecycle_rule": [
              {
                "abort_incomplete_multipart_upload_days": 0,
                "enabled": true,
                "expiration": [
                  {
                    "date": "",
                    "days": 7,
                    "expired_object_delete_marker": false
                  }
                ],
                "id": "delete-old-archives",
                "noncurrent_version_expiration": [
                  {
                    "days": 1
                  }
                ],
                "noncurrent_version_transition": [],
                "prefix": "",
                "tags": {},
                "transition": []
              }
            ],
            "logging": [],
            "object_lock_configuration": [],
            "object_lock_enabled": false,
            "policy": "",
            "region": "ap-northeast-2",
            "replication_configuration": [],
            "request_payer": "BucketOwner",
            "server_side_encryption_configuration": [
              {
                "rule": [
                  {
                    "apply_server_side_encryption_by_default": [
                      {
                        "kms_master_key_id": "",
                        "sse_algorithm": "AES256"
                      }
                    ],
                    "bucket_key_enabled": false
                  }
                ]
              }
            ],
            "tags": {
              "Environment": "Development",
              "ManagedBy": "Terraform",
              "Name": "live-streaming-dev-archive",
              "Owner": "GJJANG",
              "Project": "LiveStreaming",
              "Purpose": "MediaLive Archive Storage"
            },
            "tags_all": {
              "Environment": "Development",
              "ManagedBy": "Terraform",
              "Name": "live-streaming-dev-archive",
              "Owner": "GJJANG",
              "Project": "LiveStreaming",
              "Purpose": "MediaLive Archive Storage"
            },
            "timeouts": null,
            "versioning": [
              {
                "enabled": false,
                "mfa_delete": false
              }
            ],
            "website": [],
            "website_domain": null,
            "website_endpoint": null
          },
          "sensitive_attributes": [],
          "identity_schema_version": 0,
          "private": "eyJlMmJmYjczMC1lY2FhLTExZTYtOGY4OC0zNDM2M2JjN2M0YzAiOnsiY3JlYXRlIjoxMjAwMDAwMDAwMDAwLCJkZWxldGUiOjM2MDAwMDAwMDAwMDAsInJlYWQiOjEyMDAwMDAwMDAwMDAsInVwZGF0ZSI6MTIwMDAwMDAwMDAwMH19",
          "dependencies": [
            "module.storage.data.aws_caller_identity.current"
          ]
        }
      ]
    },
    {
      "module": "module.storage",
      "mode": "managed",
      "type": "aws_s3_bucket",
      "name": "hls",
      "provider": "provider[\"registry.terraform.io/hashicorp/aws\"]",
      "instances": [
        {
          "schema_version": 0,
          "attributes": {
            "acceleration_status": "",
            "acl": null,
            "arn": "arn:aws:s3:::live-streaming-dev-hls-140023399909",
            "bucket": "live-streaming-dev-hls-140023399909",
            "bucket_domain_name": "live-streaming-dev-hls-140023399909.s3.amazonaws.com",
            "bucket_prefix": "",
            "bucket_regional_domain_name": "live-streaming-dev-hls-140023399909.s3.ap-northeast-2.amazonaws.com",
            "cors_rule": [
              {
                "allowed_headers": [
                  "*"
                ],
                "allowed_methods": [
                  "GET",
                  "HEAD"
                ],
                "allowed_origins": [
                  "*"
                ],
                "expose_headers": [
                  "ETag"
                ],
                "max_age_seconds": 3000
              }
            ],
            "force_destroy": false,
            "grant": [
              {
                "id": "",
                "permissions": [
                  "READ"
                ],
                "type": "Group",
                "uri": "http://acs.amazonaws.com/groups/global/AllUsers"
              },
              {
                "id": "28352ba6bf7a694e9f03d085be175bfa27c0e0ac92809e315f3ae99d0ac9792c",
                "permissions": [
                  "FULL_CONTROL"
                ],
                "type": "CanonicalUser",
                "uri": ""
              }
            ],
            "hosted_zone_id": "Z3W03O7B5YMIYP",
            "id": "live-streaming-dev-hls-140023399909",
            "lifecycle_rule": [
              {
                "abort_incomplete_multipart_upload_days": 0,
                "enabled": true,
                "expiration": [
                  {
                    "date": "",
                    "days": 1,
                    "expired_object_delete_marker": false
                  }
                ],
                "id": "delete-old-segments",
                "noncurrent_version_expiration": [],
                "noncurrent_version_transition": [],
                "prefix": "live/",
                "tags": {},
                "transition": []
              }
            ],
            "logging": [],
            "object_lock_configuration": [],
            "object_lock_enabled": false,
            "policy": "{\"Statement\":[{\"Action\":\"s3:GetObject\",\"Effect\":\"Allow\",\"Principal\":\"*\",\"Resource\":\"arn:aws:s3:::live-streaming-dev-hls-140023399909/*\",\"Sid\":\"PublicRead\"}],\"Version\":\"2012-10-17\"}",
            "region": "ap-northeast-2",
            "replication_configuration": [],
            "request_payer": "BucketOwner",
            "server_side_encryption_configuration": [
              {
                "rule": [
                  {
                    "apply_server_side_encryption_by_default": [
                      {
                        "kms_master_key_id": "",
                        "sse_algorithm": "AES256"
                      }
                    ],
                    "bucket_key_enabled": false
                  }
                ]
              }
            ],
            "tags": {
              "Environment": "Development",
              "ManagedBy": "Terraform",
              "Name": "live-streaming-dev-hls",
              "Owner": "GJJANG",
              "Project": "LiveStreaming",
              "Purpose": "MediaLive HLS Output"
            },
            "tags_all": {
              "Environment": "Development",
              "ManagedBy": "Terraform",
              "Name": "live-streaming-dev-hls",
              "Owner": "GJJANG",
              "Project": "LiveStreaming",
              "Purpose": "MediaLive HLS Output"
            },
            "timeouts": null,
            "versioning": [
              {
                "enabled": false,
                "mfa_delete": false
              }
            ],
            "website": [],
            "website_domain": null,
            "website_endpoint": null
          },
          "sensitive_attributes": [],
          "identity_schema_version": 0,
          "private": "eyJlMmJmYjczMC1lY2FhLTExZTYtOGY4OC0zNDM2M2JjN2M0YzAiOnsiY3JlYXRlIjoxMjAwMDAwMDAwMDAwLCJkZWxldGUiOjM2MDAwMDAwMDAwMDAsInJlYWQiOjEyMDAwMDAwMDAwMDAsInVwZGF0ZSI6MTIwMDAwMDAwMDAwMH19",
          "dependencies": [
            "module.storage.data.aws_caller_identity.current"
          ]
        }
      ]
    },
    {
      "module": "module.storage",
      "mode": "managed",
      "type": "aws_s3_bucket_cors_configuration",
      "name": "archive",
      "provider": "provider[\"registry.terraform.io/hashicorp/aws\"]",
      "instances": [
        {
          "schema_version": 0,
          "attributes": {
            "bucket": "live-streaming-dev-archive-140023399909",
            "cors_rule": [
              {
                "allowed_headers": [
                  "*"
                ],
                "allowed_methods": [
                  "GET",
                  "HEAD"
                ],
                "allowed_origins": [
                  "*"
                ],
                "expose_headers": [
                  "ETag"
                ],
                "id": "",
                "max_age_seconds": 3000
              }
            ],
            "expected_bucket_owner": "",
            "id": "live-streaming-dev-archive-140023399909"
          },
          "sensitive_attributes": [],
          "identity_schema_version": 0,
          "private": "bnVsbA==",
          "dependencies": [
            "module.storage.aws_s3_bucket.archive",
            "module.storage.data.aws_caller_identity.current"
          ]
        }
      ]
    },
    {
      "module": "module.storage",
      "mode": "managed",
      "type": "aws_s3_bucket_cors_configuration",
      "name": "hls",
      "provider": "provider[\"registry.terraform.io/hashicorp/aws\"]",
      "instances": [
        {
          "schema_version": 0,
          "attributes": {
            "bucket": "live-streaming-dev-hls-140023399909",
            "cors_rule": [
              {
                "allowed_headers": [
                  "*"
                ],
                "allowed_methods": [
                  "GET",
                  "HEAD"
                ],
                "allowed_origins": [
                  "*"
                ],
                "expose_headers": [
                  "ETag"
                ],
                "id": "",
                "max_age_seconds": 3000
              }
            ],
            "expected_bucket_owner": "",
            "id": "live-streaming-dev-hls-140023399909"
          },
          "sensitive_attributes": [],
          "identity_schema_version": 0,
          "private": "bnVsbA==",
          "dependencies": [
            "module.storage.aws_s3_bucket.hls",
            "module.storage.data.aws_caller_identity.current"
          ]
        }
      ]
    },
    {
      "module": "module.storage",
      "mode": "managed",
      "type": "aws_s3_bucket_lifecycle_configuration",
      "name": "archive",
      "provider": "provider[\"registry.terraform.io/hashicorp/aws\"]",
      "instances": [
        {
          "schema_version": 1,
          "attributes": {
            "bucket": "live-streaming-dev-archive-140023399909",
            "expected_bucket_owner": "",
            "id": "live-streaming-dev-archive-140023399909",
            "rule": [
              {
                "abort_incomplete_multipart_upload": [],
                "expiration": [
                  {
                    "date": null,
                    "days": 7,
                    "expired_object_delete_marker": false
                  }
                ],
                "filter": [
                  {
                    "and": [],
                    "object_size_greater_than": null,
                    "object_size_less_than": null,
                    "prefix": "",
                    "tag": []
                  }
                ],
                "id": "delete-old-archives",
                "noncurrent_version_expiration": [
                  {
                    "newer_noncurrent_versions": null,
                    "noncurrent_days": 1
                  }
                ],
                "noncurrent_version_transition": [],
                "prefix": "",
                "status": "Enabled",
                "transition": []
              }
            ],
            "timeouts": null,
            "transition_default_minimum_object_size": "all_storage_classes_128K"
          },
          "sensitive_attributes": [],
          "identity_schema_version": 0,
          "dependencies": [
            "module.storage.aws_s3_bucket.archive",
            "module.storage.data.aws_caller_identity.current"
          ]
        }
      ]
    },
    {
      "module": "module.storage",
      "mode": "managed",
      "type": "aws_s3_bucket_lifecycle_configuration",
      "name": "hls",
      "provider": "provider[\"registry.terraform.io/hashicorp/aws\"]",
      "instances": [
        {
          "schema_version": 1,
          "attributes": {
            "bucket": "live-streaming-dev-hls-140023399909",
            "expected_bucket_owner": "",
            "id": "live-streaming-dev-hls-140023399909",
            "rule": [
              {
                "abort_incomplete_multipart_upload": [],
                "expiration": [
                  {
                    "date": null,
                    "days": 1,
                    "expired_object_delete_marker": false
                  }
                ],
                "filter": [
                  {
                    "and": [],
                    "object_size_greater_than": null,
                    "object_size_less_than": null,
                    "prefix": "live/",
                    "tag": []
                  }
                ],
                "id": "delete-old-segments",
                "noncurrent_version_expiration": [],
                "noncurrent_version_transition": [],
                "prefix": "",
                "status": "Enabled",
                "transition": []
              }
            ],
            "timeouts": null,
            "transition_default_minimum_object_size": "all_storage_classes_128K"
          },
          "sensitive_attributes": [],
          "identity_schema_version": 0,
          "dependencies": [
            "module.storage.aws_s3_bucket.hls",
            "module.storage.data.aws_caller_identity.current"
          ]
        }
      ]
    },
    {
      "module": "module.storage",
      "mode": "managed",
      "type": "aws_s3_bucket_public_access_block",
      "name": "archive",
      "provider": "provider[\"registry.terraform.io/hashicorp/aws\"]",
      "instances": [
        {
          "schema_version": 0,
          "attributes": {
            "block_public_acls": true,
            "block_public_policy": true,
            "bucket": "live-streaming-dev-archive-140023399909",
            "id": "live-streaming-dev-archive-140023399909",
            "ignore_public_acls": true,
            "restrict_public_buckets": true
          },
          "sensitive_attributes": [],
          "identity_schema_version": 0,
          "private": "bnVsbA==",
          "dependencies": [
            "module.storage.aws_s3_bucket.archive",
            "module.storage.data.aws_caller_identity.current"
          ]
        }
      ]
    },
    {
      "module": "module.storage",
      "mode": "managed",
      "type": "aws_s3_bucket_public_access_block",
      "name": "hls",
      "provider": "provider[\"registry.terraform.io/hashicorp/aws\"]",
      "instances": [
        {
          "schema_version": 0,
          "attributes": {
            "block_public_acls": true,
            "block_public_policy": true,
            "bucket": "live-streaming-dev-hls-140023399909",
            "id": "live-streaming-dev-hls-140023399909",
            "ignore_public_acls": true,
            "restrict_public_buckets": true
          },
          "sensitive_attributes": [],
          "identity_schema_version": 0,
          "private": "bnVsbA==",
          "dependencies": [
            "module.storage.aws_s3_bucket.hls",
            "module.storage.data.aws_caller_identity.current"
          ]
        }
      ]
    },
    {
      "module": "module.storage",
      "mode": "managed",
      "type": "aws_s3_bucket_server_side_encryption_configuration",
      "name": "archive",
      "provider": "provider[\"registry.terraform.io/hashicorp/aws\"]",
      "instances": [
        {
          "schema_version": 0,
          "attributes": {
            "bucket": "live-streaming-dev-archive-140023399909",
            "expected_bucket_owner": "",
            "id": "live-streaming-dev-archive-140023399909",
            "rule": [
              {
                "apply_server_side_encryption_by_default": [
                  {
                    "kms_master_key_id": "",
                    "sse_algorithm": "AES256"
                  }
                ],
                "bucket_key_enabled": false
              }
            ]
          },
          "sensitive_attributes": [],
          "identity_schema_version": 0,
          "private": "bnVsbA==",
          "dependencies": [
            "module.storage.aws_s3_bucket.archive",
            "module.storage.data.aws_caller_identity.current"
          ]
        }
      ]
    },
    {
      "module": "module.storage",
      "mode": "managed",
      "type": "aws_s3_bucket_server_side_encryption_configuration",
      "name": "hls",
      "provider": "provider[\"registry.terraform.io/hashicorp/aws\"]",
      "instances": [
        {
          "schema_version": 0,
          "attributes": {
            "bucket": "live-streaming-dev-hls-140023399909",
            "expected_bucket_owner": "",
            "id": "live-streaming-dev-hls-140023399909",
            "rule": [
              {
                "apply_server_side_encryption_by_default": [
                  {
                    "kms_master_key_id": "",
                    "sse_algorithm": "AES256"
                  }
                ],
                "bucket_key_enabled": false
              }
            ]
          },
          "sensitive_attributes": [],
          "identity_schema_version": 0,
          "private": "bnVsbA==",
          "dependencies": [
            "module.storage.aws_s3_bucket.hls",
            "module.storage.data.aws_caller_identity.current"
          ]
        }
      ]
    },
    {
      "module": "module.storage",
      "mode": "managed",
      "type": "aws_s3_bucket_versioning",
      "name": "archive",
      "provider": "provider[\"registry.terraform.io/hashicorp/aws\"]",
      "instances": [
        {
          "schema_version": 0,
          "attributes": {
            "bucket": "live-streaming-dev-archive-140023399909",
            "expected_bucket_owner": "",
            "id": "live-streaming-dev-archive-140023399909",
            "mfa": null,
            "versioning_configuration": [
              {
                "mfa_delete": "",
                "status": "Disabled"
              }
            ]
          },
          "sensitive_attributes": [],
          "identity_schema_version": 0,
          "private": "bnVsbA==",
          "dependencies": [
            "module.storage.aws_s3_bucket.archive",
            "module.storage.data.aws_caller_identity.current"
          ]
        }
      ]
    },
    {
      "module": "module.storage",
      "mode": "managed",
      "type": "aws_s3_bucket_versioning",
      "name": "hls",
      "provider": "provider[\"registry.terraform.io/hashicorp/aws\"]",
      "instances": [
        {
          "schema_version": 0,
          "attributes": {
            "bucket": "live-streaming-dev-hls-140023399909",
            "expected_bucket_owner": "",
            "id": "live-streaming-dev-hls-140023399909",
            "mfa": null,
            "versioning_configuration": [
              {
                "mfa_delete": "",
                "status": "Disabled"
              }
            ]
          },
          "sensitive_attributes": [],
          "identity_schema_version": 0,
          "private": "bnVsbA==",
          "dependencies": [
            "module.storage.aws_s3_bucket.hls",
            "module.storage.data.aws_caller_identity.current"
          ]
        }
      ]
    }
  ],
  "check_results": [
    {
      "object_kind": "var",
      "config_addr": "module.medialive.var.channel_class",
      "status": "pass",
      "objects": [
        {
          "object_addr": "module.medialive.var.channel_class",
          "status": "pass"
        }
      ]
    },
    {
      "object_kind": "var",
      "config_addr": "module.medialive.var.video_quality",
      "status": "pass",
      "objects": [
        {
          "object_addr": "module.medialive.var.video_quality",
          "status": "pass"
        }
      ]
    }
  ]
}
